{
  "version": 1,
  "dependencies": {
    "net8.0": {
      "Microsoft.EntityFrameworkCore": {
        "type": "Direct",
        "requested": "[9.0.*, )",
        "resolved": "9.0.13",
        "contentHash": "irtGBQFEnjb17HRgxxbj3HgC14js48aYus9YhTpBEihqrdH50M7YqBtWippwpIJWwdMF7TFyQXpSTt4lFekPZw==",
        "dependencies": {
          "Microsoft.EntityFrameworkCore.Abstractions": "9.0.13",
          "Microsoft.EntityFrameworkCore.Analyzers": "9.0.13",
          "Microsoft.Extensions.Caching.Memory": "9.0.13",
          "Microsoft.Extensions.Logging": "9.0.13"
        }
      },
      "Microsoft.EntityFrameworkCore.Relational": {
        "type": "Direct",
        "requested": "[9.0.*, )",
        "resolved": "9.0.13",
        "contentHash": "eQgG7yfe3ULgRk7YS8oIeljbmtV8AJ+lmzd5ezbA1ceEa1gRo9Y/d8+AvHq9NATp7QWZoe+qhyDFvCX8+ByI/A==",
        "dependencies": {
          "Microsoft.EntityFrameworkCore": "9.0.13",
          "Microsoft.Extensions.Caching.Memory": "9.0.13",
          "Microsoft.Extensions.Configuration.Abstractions": "9.0.13",
          "Microsoft.Extensions.Logging": "9.0.13"
        }
      },
      "PPWCode.Vernacular.Contracts.I": {
        "type": "Direct",
        "requested": "[1.*, )",
        "resolved": "1.5.0",
        "contentHash": "Hv7hjZ+RXEnVkAZEdwlAW5QbT0Hvh+pCusaiQT5bRD93Z58OuMHH6Q48TizzufF6+DRm9rJdnufIcOWWvKLKaw=="
      },
      "StyleCop.Analyzers": {
        "type": "Direct",
        "requested": "[1.1.118, )",
        "resolved": "1.1.118",
        "contentHash": "Onx6ovGSqXSK07n/0eM3ZusiNdB6cIlJdabQhWGgJp3Vooy9AaLS/tigeybOJAobqbtggTamoWndz72JscZBvw=="
      },
      "Microsoft.EntityFrameworkCore.Abstractions": {
        "type": "Transitive",
        "resolved": "9.0.13",
        "contentHash": "baCHd+W1QEl2HmWodnFhJ50eElH/Z+ku+aKod4GN9AGhkItqBCcVkETMz/b9QtqxOgyM+Pu0Srv7atLTBdXSFg=="
      },
      "Microsoft.EntityFrameworkCore.Analyzers": {
        "type": "Transitive",
        "resolved": "9.0.13",
        "contentHash": "GQE2qm6U45Zgouw7PSojGmkDnNq+IMjO/+BOm8OHqzK0h+uNjL6MQeuansNQZ6gIM2e3w9KZTLXQTHA0FcuknQ=="
      },
      "Microsoft.Extensions.Caching.Abstractions": {
        "type": "Transitive",
        "resolved": "9.0.13",
        "contentHash": "nTT90JYIpcXEy6fcU8LPVycONkO6wipROgP9pyC4uxBif4fazu2rDzlWSntqtzr5p8GbQL2EopsYuTZR3yoeag==",
        "dependencies": {
          "Microsoft.Extensions.Primitives": "9.0.13"
        }
      },
      "Microsoft.Extensions.Caching.Memory": {
        "type": "Transitive",
        "resolved": "9.0.13",
        "contentHash": "OdQmN8LYcUEu20Fxii9mk68nHJGL+JPXF3w0+hxenf0oDDdDBA+ZV/S92FmIgAWAElowIiFA/g0x+8YB1g80Hg==",
        "dependencies": {
          "Microsoft.Extensions.Caching.Abstractions": "9.0.13",
          "Microsoft.Extensions.DependencyInjection.Abstractions": "9.0.13",
          "Microsoft.Extensions.Logging.Abstractions": "9.0.13",
          "Microsoft.Extensions.Options": "9.0.13",
          "Microsoft.Extensions.Primitives": "9.0.13"
        }
      },
      "Microsoft.Extensions.Configuration.Abstractions": {
        "type": "Transitive",
        "resolved": "9.0.13",
        "contentHash": "N4ITL03t39KKgF4Q0lr3yoOkZHLjuRPXalP6+QPDe2VipcbCq5Ml1ZpXeHo8I3mquoAPOT5lSP6LvRKUBn1Ayw==",
        "dependencies": {
          "Microsoft.Extensions.Primitives": "9.0.13"
        }
      },
      "Microsoft.Extensions.DependencyInjection": {
        "type": "Transitive",
        "resolved": "9.0.13",
        "contentHash": "TCQIbp1WXPir6PlhXn4N4wc84rA0LEHAYdbJdBOnO2LClzQTok/1YFDu2wTmHvBxDLSDrFZavi1ARnUpmKK12g==",
        "dependencies": {
          "Microsoft.Extensions.DependencyInjection.Abstractions": "9.0.13"
        }
      },
      "Microsoft.Extensions.DependencyInjection.Abstractions": {
        "type": "Transitive",
        "resolved": "9.0.13",
        "contentHash": "HyJoV/UcJr71gPs9ot3GFJG2yyYxoBNTvp48xVJn37FRLeJZithg74aUNZQRCJgk0yG6LbgDlXDJJwG3QFnoyQ=="
      },
      "Microsoft.Extensions.Logging": {
        "type": "Transitive",
        "resolved": "9.0.13",
        "contentHash": "4uS8AANHr6xb7qYJA19isxyrqj7T64QEdD39/guUMltwsX1HrlCym9hThGur2n2DJAMrgIxgrmF7q3uBZzHfKA==",
        "dependencies": {
          "Microsoft.Extensions.DependencyInjection": "9.0.13",
          "Microsoft.Extensions.Logging.Abstractions": "9.0.13",
          "Microsoft.Extensions.Options": "9.0.13"
        }
      },
      "Microsoft.Extensions.Logging.Abstractions": {
        "type": "Transitive",
        "resolved": "9.0.13",
        "contentHash": "DjxxzZzkQLRJ6d9FLj7n513UvqYREl0ygN//SYA+N4+QWM1UvSJjpv3+zrlIraUyui0NXRbeJSU/hruR7lTw/g==",
        "dependencies": {
          "Microsoft.Extensions.DependencyInjection.Abstractions": "9.0.13",
          "System.Diagnostics.DiagnosticSource": "9.0.13"
        }
      },
      "Microsoft.Extensions.Options": {
        "type": "Transitive",
        "resolved": "9.0.13",
        "contentHash": "MJ0afZ8YTPr+TQ0qN+vp4U1yqgj3ccIhq/sFkznMX/V/sPadIQuQJRNK9gWXUoJ03AQmAt31TXtSMuRX3IvaUw==",
        "dependencies": {
          "Microsoft.Extensions.DependencyInjection.Abstractions": "9.0.13",
          "Microsoft.Extensions.Primitives": "9.0.13"
        }
      },
      "Microsoft.Extensions.Primitives": {
        "type": "Transitive",
        "resolved": "9.0.13",
        "contentHash": "cqzLFZ6rIEX/N1mJAGN8HLqWhlks2G3eYO+9pCShMLqxeBLN7ndS+MbmxiuQiQ0Tj/Q3tVHRWx91n17yLczjmg=="
      },
      "PPWCode.Vernacular.Exceptions.V": {
        "type": "Transitive",
        "resolved": "1.1.0",
        "contentHash": "G/XH86vmbBIIuVRcoNLFRD0AHtEJ7aLw8w+Ia3BUHgZw2TGALDQ/eNOfrOrTFy5+4HPO2PLwRfrr69/Cp/zTRw=="
      },
      "PPWCode.Vernacular.Semantics.V": {
        "type": "Transitive",
        "resolved": "1.0.0",
        "contentHash": "B4jer3TyGME3xLFLY7BUN71OmvJiquPN4JH0ifQ7Gvh9CIrIL2orX/SHBtWNF7foUN1O22VpytcpmzWoT11Heg==",
        "dependencies": {
          "PPWCode.Vernacular.Contracts.I": "1.5.0",
          "PPWCode.Vernacular.Exceptions.V": "1.1.0"
        }
      },
      "System.Diagnostics.DiagnosticSource": {
        "type": "Transitive",
        "resolved": "9.0.13",
        "contentHash": "4UOSOj/lq46yHG1fd5c/rZM8BVGr8Arz8WdRxN9kgiUUmw9pxnBBaitBmvyJb0bEvuXdN3C20GfiSNQmQ3eeLA=="
      },
      "ppwcode.util.authorisation.i": {
        "type": "Project",
        "dependencies": {
          "PPWCode.Vernacular.Contracts.I": "[1.*, )"
        }
      },
      "ppwcode.util.time.i": {
        "type": "Project",
        "dependencies": {
          "PPWCode.Vernacular.Contracts.I": "[1.*, )",
          "PPWCode.Vernacular.Exceptions.V": "[1.*, )",
          "PPWCode.Vernacular.Semantics.V": "[1.*, )"
        }
      },
      "ppwcode.vernacular.persistence.v": {
        "type": "Project",
        "dependencies": {
          "PPWCode.Vernacular.Contracts.I": "[1.*, )",
          "PPWCode.Vernacular.Exceptions.V": "[1.*, )",
          "PPWCode.Vernacular.Semantics.V": "[1.*, )"
        }
      },
      "ppwcode.vernacular.requestcontext.i": {
        "type": "Project",
        "dependencies": {
          "PPWCode.Util.Authorisation.I": "[0.0.9, )",
          "PPWCode.Util.Time.I": "[0.0.9, )",
          "PPWCode.Vernacular.Contracts.I": "[1.*, )"
        }
      }
    }
  }
}