{
  "version": 2,
  "dependencies": {
    "net10.0": {
      "Microsoft.EntityFrameworkCore": {
        "type": "Direct",
        "requested": "[10.*, )",
        "resolved": "10.0.5",
        "contentHash": "9tNBmK3EpYVGRQLiqP+bqK2m+TD0Gv//4vCzR7ZOgl4FWzCFyOpYdIVka13M4kcBdPdSJcs3wbHr3rmzOqbIMA==",
        "dependencies": {
          "Microsoft.EntityFrameworkCore.Abstractions": "10.0.5",
          "Microsoft.EntityFrameworkCore.Analyzers": "10.0.5"
        }
      },
      "Microsoft.EntityFrameworkCore.Relational": {
        "type": "Direct",
        "requested": "[10.*, )",
        "resolved": "10.0.5",
        "contentHash": "uxmFjZEAB/KbsgWFSS4lLqkEHCfXxB2x0UcbiO4e5fCRpFFeTMSx/me6009nYJLu5IKlDwO1POh++P6RilFTDw==",
        "dependencies": {
          "Microsoft.EntityFrameworkCore": "10.0.5"
        }
      },
      "Microsoft.SourceLink.GitHub": {
        "type": "Direct",
        "requested": "[10.*, )",
        "resolved": "10.0.201",
        "contentHash": "qxYAmO4ktzd9L+HMdnqWucxpu7bI9undPyACXOMqPyhaiMtbpbYL/n0ACyWIJlbyEJrXFwxiOaBOSasLtDvsCg==",
        "dependencies": {
          "Microsoft.Build.Tasks.Git": "10.0.201",
          "Microsoft.SourceLink.Common": "10.0.201",
          "System.IO.Hashing": "10.0.5"
        }
      },
      "PPWCode.AspNetCore.Server.I": {
        "type": "Direct",
        "requested": "[1.*, )",
        "resolved": "1.0.1",
        "contentHash": "0KNkIFo/vHYWBlj60vtWgb0SLxdbGqGEIgJQncWsP5y0Xl49/bXEYj04kKDLdlm+BpgqvEqIf8MjtPLFttUCrw==",
        "dependencies": {
          "Asp.Versioning.Mvc": "8.1.1",
          "PPWCode.Vernacular.Contracts.I": "1.5.0",
          "PPWCode.Vernacular.Exceptions.V": "1.1.0",
          "PPWCode.Vernacular.Persistence.V": "1.0.0"
        }
      },
      "PPWCode.Vernacular.Exceptions.V": {
        "type": "Direct",
        "requested": "[1.*, )",
        "resolved": "1.1.0",
        "contentHash": "G/XH86vmbBIIuVRcoNLFRD0AHtEJ7aLw8w+Ia3BUHgZw2TGALDQ/eNOfrOrTFy5+4HPO2PLwRfrr69/Cp/zTRw=="
      },
      "StyleCop.Analyzers": {
        "type": "Direct",
        "requested": "[1.2.0-beta.556, )",
        "resolved": "1.2.0-beta.556",
        "contentHash": "llRPgmA1fhC0I0QyFLEcjvtM2239QzKr/tcnbsjArLMJxJlu0AA5G7Fft0OI30pHF3MW63Gf4aSSsjc5m82J1Q==",
        "dependencies": {
          "StyleCop.Analyzers.Unstable": "1.2.0.556"
        }
      },
      "Asp.Versioning.Abstractions": {
        "type": "Transitive",
        "resolved": "8.1.0",
        "contentHash": "mpeNZyMdvrHztJwR1sXIUQ+3iioEU97YMBnFA9WLbsPOYhGwDJnqJMmEd8ny7kcmS9OjTHoEuX/bSXXY3brIFA=="
      },
      "Asp.Versioning.Http": {
        "type": "Transitive",
        "resolved": "8.1.1",
        "contentHash": "1D/Mzq1MSUSQe1eCY6GeEsu+tIlpzoWZxZkhlcw/uvtVoTrwO+BMl0fSj/XX8oZN1DutWTZqHDHgyDRq+IeSdQ==",
        "dependencies": {
          "Asp.Versioning.Abstractions": "8.1.0"
        }
      },
      "Asp.Versioning.Mvc": {
        "type": "Transitive",
        "resolved": "8.1.1",
        "contentHash": "mkJv6eAdlbHbqTdrUcfEYFoZuGL6HoR7O+Lfsvivixp7N5BNhfCFPPOwsBzdIiH1qzdJXyJf+C+DZ08j27PMPg==",
        "dependencies": {
          "Asp.Versioning.Http": "8.1.1"
        }
      },
      "Microsoft.Build.Tasks.Git": {
        "type": "Transitive",
        "resolved": "10.0.201",
        "contentHash": "DMYBnrFZvLnBKn14VavEuuIr31CY6YY2i2L9P8DorS/Qp6ifRR8ZPLdJCFLFfjikNq8DykbYyLd/RP6lSqHcWw==",
        "dependencies": {
          "System.IO.Hashing": "10.0.5"
        }
      },
      "Microsoft.EntityFrameworkCore.Abstractions": {
        "type": "Transitive",
        "resolved": "10.0.5",
        "contentHash": "32c58Rnm47Qvhimawf67KO9PytgPz3QoWye7Abapt0Yocw/JnzMiSNj/pRoIKyn8Jxypkv86zxKD4Q/zNTc0Ag=="
      },
      "Microsoft.EntityFrameworkCore.Analyzers": {
        "type": "Transitive",
        "resolved": "10.0.5",
        "contentHash": "ipC4u1VojgEfoIZhtbS2Sx5IluJTP/Jf1hz3yGsxGBgSukYY/CquI6rAjxn5H58CZgVn36qcuPPtNMwZ0AUzMg=="
      },
      "Microsoft.Extensions.ApiDescription.Server": {
        "type": "Transitive",
        "resolved": "6.0.5",
        "contentHash": "Ckb5EDBUNJdFWyajfXzUIMRkhf52fHZOQuuZg/oiu8y7zDCVwD0iHhew6MnThjHmevanpxL3f5ci2TtHQEN6bw=="
      },
      "Microsoft.OpenApi": {
        "type": "Transitive",
        "resolved": "1.6.22",
        "contentHash": "aBvunmrdu/x+4CaA/UP1Jx4xWGwk4kymhoIRnn2Vp+zi5/KOPQJ9EkSXHRUr01WcGKtYl3Au7XfkPJbU1G2sjQ=="
      },
      "Microsoft.SourceLink.Common": {
        "type": "Transitive",
        "resolved": "10.0.201",
        "contentHash": "QbBYhkjgL6rCnBfDbzsAJLlsad13TlBHqYCFDIw56OO2g6ix+9RsmY8uxiQGdWwFKbZXaXyAA6jDCzFYVGCZDw=="
      },
      "PPWCode.Util.Time.I": {
        "type": "Transitive",
        "resolved": "1.0.0",
        "contentHash": "KbF/TsKMSXUGHwCQigDcAAC+lMTp2bvcWufpYwYu2knF5IZMPeFN+j6q2C81H1E9WVMiV2TIxzwPZp0aUP/8ZQ==",
        "dependencies": {
          "PPWCode.Vernacular.Contracts.I": "1.5.0",
          "PPWCode.Vernacular.Exceptions.V": "1.1.0",
          "PPWCode.Vernacular.Semantics.V": "1.0.0"
        }
      },
      "PPWCode.Vernacular.Semantics.V": {
        "type": "Transitive",
        "resolved": "1.0.0",
        "contentHash": "B4jer3TyGME3xLFLY7BUN71OmvJiquPN4JH0ifQ7Gvh9CIrIL2orX/SHBtWNF7foUN1O22VpytcpmzWoT11Heg==",
        "dependencies": {
          "PPWCode.Vernacular.Contracts.I": "1.5.0",
          "PPWCode.Vernacular.Exceptions.V": "1.1.0"
        }
      },
      "StyleCop.Analyzers.Unstable": {
        "type": "Transitive",
        "resolved": "1.2.0.556",
        "contentHash": "zvn9Mqs/ox/83cpYPignI8hJEM2A93s2HkHs8HYMOAQW0PkampyoErAiIyKxgTLqbbad29HX/shv/6LGSjPJNQ=="
      },
      "Swashbuckle.AspNetCore.Swagger": {
        "type": "Transitive",
        "resolved": "7.3.2",
        "contentHash": "39Z2N3cLHDcDinu2IW5IaQO9wGPKTbc+vKbjIT/6gN3jFYypWY5U3O8i7Y9rmYDgxkm6niICnkcFZ3hEvikIHA==",
        "dependencies": {
          "Microsoft.OpenApi": "1.6.22"
        }
      },
      "Swashbuckle.AspNetCore.SwaggerGen": {
        "type": "Transitive",
        "resolved": "7.3.2",
        "contentHash": "x5famjpcgazpT/8eEIlpSYSTZDq6ojMARhuJgj6O67Uk+Yb1DdDM5yikdL7GK1pMk5rYBETUCRWYP6rp+vHnlA==",
        "dependencies": {
          "Swashbuckle.AspNetCore.Swagger": "7.3.2"
        }
      },
      "Swashbuckle.AspNetCore.SwaggerUI": {
        "type": "Transitive",
        "resolved": "7.3.2",
        "contentHash": "SNQuFjYin9KhkoCSVOD5/Y4VEyAjKBDeZkIqqY6x+oI21HMKzzVkeJA9V7tWFXf5df4m/+pTIlbKO7g5W9UroQ=="
      },
      "System.IO.Hashing": {
        "type": "Transitive",
        "resolved": "10.0.5",
        "contentHash": "8IBJWcCT9+e4Bmevm4T7+fQEiAh133KGiz4oiVTgJckd3Q76OFdR1falgn9lpz7+C4HJvogCDJeAa2QmvbeVtg=="
      },
      "ppwcode.aspnetcore.host.i": {
        "type": "Project",
        "dependencies": {
          "Asp.Versioning.Mvc.ApiExplorer": "[8.*, )",
          "PPWCode.AspNetCore.Server.I": "[1.*, )",
          "PPWCode.Util.Authorization.I": "[1.*, )",
          "PPWCode.Vernacular.Persistence.V": "[1.*, )",
          "PPWCode.Vernacular.RequestContext.I": "[1.*, )",
          "Swashbuckle.AspNetCore": "[7.*, )",
          "Swashbuckle.AspNetCore.Annotations": "[7.*, )"
        }
      },
      "Asp.Versioning.Mvc.ApiExplorer": {
        "type": "CentralTransitive",
        "requested": "[8.*, )",
        "resolved": "8.1.1",
        "contentHash": "u8PrP6CjmurgIh0EDfg8Gc/GdpDHgkbv8OLKdxQcWb5W4sp0i9BcdbQlLvRcATjNIJUyr7ZmqXjmdsFfqnuy0g==",
        "dependencies": {
          "Asp.Versioning.Mvc": "8.1.1"
        }
      },
      "PPWCode.Util.Authorization.I": {
        "type": "CentralTransitive",
        "requested": "[1.*, )",
        "resolved": "1.0.0",
        "contentHash": "JDc3Ul3/gmpLKfBgW6emQSPyeikgP3S+A0GzbOendxWOT7YNsdyzs5wAthzgkF88o2BG+R7EXBZcppg4qR9v+w=="
      },
      "PPWCode.Vernacular.Contracts.I": {
        "type": "CentralTransitive",
        "requested": "[1.*, )",
        "resolved": "1.5.0",
        "contentHash": "Hv7hjZ+RXEnVkAZEdwlAW5QbT0Hvh+pCusaiQT5bRD93Z58OuMHH6Q48TizzufF6+DRm9rJdnufIcOWWvKLKaw=="
      },
      "PPWCode.Vernacular.Persistence.V": {
        "type": "CentralTransitive",
        "requested": "[1.*, )",
        "resolved": "1.1.0",
        "contentHash": "iXoTU962vqg7k4Xivj5yZKRBwes95XY2pEAQ1nAATv8i1+Krc9rXQsWvrLNCs5gD6Wf7racSjcr3ozoo3MHuWA==",
        "dependencies": {
          "PPWCode.Vernacular.Contracts.I": "1.5.0",
          "PPWCode.Vernacular.Exceptions.V": "1.1.0",
          "PPWCode.Vernacular.Semantics.V": "1.0.0"
        }
      },
      "PPWCode.Vernacular.RequestContext.I": {
        "type": "CentralTransitive",
        "requested": "[1.*, )",
        "resolved": "1.0.0",
        "contentHash": "KkhEf+OU4oYgRxORB1swnnDPG9kYoEEzkfTazgQod2vGeE/sH208c40bQ+Nwj219/RD51jpaOnYR9HZ4LmjuNA==",
        "dependencies": {
          "PPWCode.Util.Authorization.I": "1.0.0",
          "PPWCode.Util.Time.I": "1.0.0",
          "PPWCode.Vernacular.Contracts.I": "1.5.0"
        }
      },
      "Swashbuckle.AspNetCore": {
        "type": "CentralTransitive",
        "requested": "[7.*, )",
        "resolved": "7.3.2",
        "contentHash": "WEkW7Cl8bexT75eURuqrqM/TQx+ftWKOWlCHzmw3Fl3oAmxiBO/lDVOuuqZsaBCHQIBcZxA6BbyiG5dv2mD2tw==",
        "dependencies": {
          "Microsoft.Extensions.ApiDescription.Server": "6.0.5",
          "Swashbuckle.AspNetCore.Swagger": "7.3.2",
          "Swashbuckle.AspNetCore.SwaggerGen": "7.3.2",
          "Swashbuckle.AspNetCore.SwaggerUI": "7.3.2"
        }
      },
      "Swashbuckle.AspNetCore.Annotations": {
        "type": "CentralTransitive",
        "requested": "[7.*, )",
        "resolved": "7.3.2",
        "contentHash": "JaGYVVuiHzv3WWanFh/Fzx8ZYOtayNAhso5rwmHdxVYxn3AYJLYdijIBvQaEt4MIcsN0I1zXZfC/YKh47y3ocQ==",
        "dependencies": {
          "Swashbuckle.AspNetCore.SwaggerGen": "7.3.2"
        }
      }
    },
    "net8.0": {
      "Microsoft.EntityFrameworkCore": {
        "type": "Direct",
        "requested": "[8.*, )",
        "resolved": "8.0.25",
        "contentHash": "1seNis+YnJwiQpwzBCQVWTlyfnlfwotQUkCC0MINwS6yt5Gco4XZ/xOz1fB5uwAWjO/TrDzL/sIMk2hXPxeHbg==",
        "dependencies": {
          "Microsoft.EntityFrameworkCore.Abstractions": "8.0.25",
          "Microsoft.EntityFrameworkCore.Analyzers": "8.0.25"
        }
      },
      "Microsoft.EntityFrameworkCore.Relational": {
        "type": "Direct",
        "requested": "[8.*, )",
        "resolved": "8.0.25",
        "contentHash": "/6S+I5PvmlzDeLMCXZGCXmnUNiJdLyucUrnwkItNhNRZB8ftVYXdyM0omNwm3UDvRSQVMnb3e5s7+YusLvvYeg==",
        "dependencies": {
          "Microsoft.EntityFrameworkCore": "8.0.25"
        }
      },
      "Microsoft.SourceLink.GitHub": {
        "type": "Direct",
        "requested": "[10.*, )",
        "resolved": "10.0.201",
        "contentHash": "qxYAmO4ktzd9L+HMdnqWucxpu7bI9undPyACXOMqPyhaiMtbpbYL/n0ACyWIJlbyEJrXFwxiOaBOSasLtDvsCg==",
        "dependencies": {
          "Microsoft.Build.Tasks.Git": "10.0.201",
          "Microsoft.SourceLink.Common": "10.0.201",
          "System.IO.Hashing": "10.0.5"
        }
      },
      "PPWCode.AspNetCore.Server.I": {
        "type": "Direct",
        "requested": "[1.*, )",
        "resolved": "1.0.1",
        "contentHash": "0KNkIFo/vHYWBlj60vtWgb0SLxdbGqGEIgJQncWsP5y0Xl49/bXEYj04kKDLdlm+BpgqvEqIf8MjtPLFttUCrw==",
        "dependencies": {
          "Asp.Versioning.Mvc": "8.1.1",
          "PPWCode.Vernacular.Contracts.I": "1.5.0",
          "PPWCode.Vernacular.Exceptions.V": "1.1.0",
          "PPWCode.Vernacular.Persistence.V": "1.0.0"
        }
      },
      "PPWCode.Vernacular.Exceptions.V": {
        "type": "Direct",
        "requested": "[1.*, )",
        "resolved": "1.1.0",
        "contentHash": "G/XH86vmbBIIuVRcoNLFRD0AHtEJ7aLw8w+Ia3BUHgZw2TGALDQ/eNOfrOrTFy5+4HPO2PLwRfrr69/Cp/zTRw=="
      },
      "StyleCop.Analyzers": {
        "type": "Direct",
        "requested": "[1.2.0-beta.556, )",
        "resolved": "1.2.0-beta.556",
        "contentHash": "llRPgmA1fhC0I0QyFLEcjvtM2239QzKr/tcnbsjArLMJxJlu0AA5G7Fft0OI30pHF3MW63Gf4aSSsjc5m82J1Q==",
        "dependencies": {
          "StyleCop.Analyzers.Unstable": "1.2.0.556"
        }
      },
      "Asp.Versioning.Abstractions": {
        "type": "Transitive",
        "resolved": "8.1.0",
        "contentHash": "mpeNZyMdvrHztJwR1sXIUQ+3iioEU97YMBnFA9WLbsPOYhGwDJnqJMmEd8ny7kcmS9OjTHoEuX/bSXXY3brIFA=="
      },
      "Asp.Versioning.Http": {
        "type": "Transitive",
        "resolved": "8.1.1",
        "contentHash": "1D/Mzq1MSUSQe1eCY6GeEsu+tIlpzoWZxZkhlcw/uvtVoTrwO+BMl0fSj/XX8oZN1DutWTZqHDHgyDRq+IeSdQ==",
        "dependencies": {
          "Asp.Versioning.Abstractions": "8.1.0"
        }
      },
      "Asp.Versioning.Mvc": {
        "type": "Transitive",
        "resolved": "8.1.1",
        "contentHash": "mkJv6eAdlbHbqTdrUcfEYFoZuGL6HoR7O+Lfsvivixp7N5BNhfCFPPOwsBzdIiH1qzdJXyJf+C+DZ08j27PMPg==",
        "dependencies": {
          "Asp.Versioning.Http": "8.1.1"
        }
      },
      "Microsoft.Build.Tasks.Git": {
        "type": "Transitive",
        "resolved": "10.0.201",
        "contentHash": "DMYBnrFZvLnBKn14VavEuuIr31CY6YY2i2L9P8DorS/Qp6ifRR8ZPLdJCFLFfjikNq8DykbYyLd/RP6lSqHcWw==",
        "dependencies": {
          "System.IO.Hashing": "10.0.5"
        }
      },
      "Microsoft.EntityFrameworkCore.Abstractions": {
        "type": "Transitive",
        "resolved": "8.0.25",
        "contentHash": "YGJD4/P34LsQetSH5R0J58nAWSFGn7BE11zThfCkILTW8wy+9/kwqM2P0ciHhuzlPzwApputDfQ5u35+fH6BGQ=="
      },
      "Microsoft.EntityFrameworkCore.Analyzers": {
        "type": "Transitive",
        "resolved": "8.0.25",
        "contentHash": "jHtsaYPDBoNsIA085ZbqrZGidG+rnoZGJ/0JTL6QHR0XV4JLnLoJgPao7zVsqhEVJUnS7JOfVClr0UThAxoiuQ=="
      },
      "Microsoft.Extensions.ApiDescription.Server": {
        "type": "Transitive",
        "resolved": "6.0.5",
        "contentHash": "Ckb5EDBUNJdFWyajfXzUIMRkhf52fHZOQuuZg/oiu8y7zDCVwD0iHhew6MnThjHmevanpxL3f5ci2TtHQEN6bw=="
      },
      "Microsoft.OpenApi": {
        "type": "Transitive",
        "resolved": "1.6.22",
        "contentHash": "aBvunmrdu/x+4CaA/UP1Jx4xWGwk4kymhoIRnn2Vp+zi5/KOPQJ9EkSXHRUr01WcGKtYl3Au7XfkPJbU1G2sjQ=="
      },
      "Microsoft.SourceLink.Common": {
        "type": "Transitive",
        "resolved": "10.0.201",
        "contentHash": "QbBYhkjgL6rCnBfDbzsAJLlsad13TlBHqYCFDIw56OO2g6ix+9RsmY8uxiQGdWwFKbZXaXyAA6jDCzFYVGCZDw=="
      },
      "PPWCode.Util.Time.I": {
        "type": "Transitive",
        "resolved": "1.0.0",
        "contentHash": "KbF/TsKMSXUGHwCQigDcAAC+lMTp2bvcWufpYwYu2knF5IZMPeFN+j6q2C81H1E9WVMiV2TIxzwPZp0aUP/8ZQ==",
        "dependencies": {
          "PPWCode.Vernacular.Contracts.I": "1.5.0",
          "PPWCode.Vernacular.Exceptions.V": "1.1.0",
          "PPWCode.Vernacular.Semantics.V": "1.0.0"
        }
      },
      "PPWCode.Vernacular.Semantics.V": {
        "type": "Transitive",
        "resolved": "1.0.0",
        "contentHash": "B4jer3TyGME3xLFLY7BUN71OmvJiquPN4JH0ifQ7Gvh9CIrIL2orX/SHBtWNF7foUN1O22VpytcpmzWoT11Heg==",
        "dependencies": {
          "PPWCode.Vernacular.Contracts.I": "1.5.0",
          "PPWCode.Vernacular.Exceptions.V": "1.1.0"
        }
      },
      "StyleCop.Analyzers.Unstable": {
        "type": "Transitive",
        "resolved": "1.2.0.556",
        "contentHash": "zvn9Mqs/ox/83cpYPignI8hJEM2A93s2HkHs8HYMOAQW0PkampyoErAiIyKxgTLqbbad29HX/shv/6LGSjPJNQ=="
      },
      "Swashbuckle.AspNetCore.Swagger": {
        "type": "Transitive",
        "resolved": "7.3.2",
        "contentHash": "39Z2N3cLHDcDinu2IW5IaQO9wGPKTbc+vKbjIT/6gN3jFYypWY5U3O8i7Y9rmYDgxkm6niICnkcFZ3hEvikIHA==",
        "dependencies": {
          "Microsoft.OpenApi": "1.6.22"
        }
      },
      "Swashbuckle.AspNetCore.SwaggerGen": {
        "type": "Transitive",
        "resolved": "7.3.2",
        "contentHash": "x5famjpcgazpT/8eEIlpSYSTZDq6ojMARhuJgj6O67Uk+Yb1DdDM5yikdL7GK1pMk5rYBETUCRWYP6rp+vHnlA==",
        "dependencies": {
          "Swashbuckle.AspNetCore.Swagger": "7.3.2"
        }
      },
      "Swashbuckle.AspNetCore.SwaggerUI": {
        "type": "Transitive",
        "resolved": "7.3.2",
        "contentHash": "SNQuFjYin9KhkoCSVOD5/Y4VEyAjKBDeZkIqqY6x+oI21HMKzzVkeJA9V7tWFXf5df4m/+pTIlbKO7g5W9UroQ=="
      },
      "System.IO.Hashing": {
        "type": "Transitive",
        "resolved": "10.0.5",
        "contentHash": "8IBJWcCT9+e4Bmevm4T7+fQEiAh133KGiz4oiVTgJckd3Q76OFdR1falgn9lpz7+C4HJvogCDJeAa2QmvbeVtg=="
      },
      "ppwcode.aspnetcore.host.i": {
        "type": "Project",
        "dependencies": {
          "Asp.Versioning.Mvc.ApiExplorer": "[8.*, )",
          "PPWCode.AspNetCore.Server.I": "[1.*, )",
          "PPWCode.Util.Authorization.I": "[1.*, )",
          "PPWCode.Vernacular.Persistence.V": "[1.*, )",
          "PPWCode.Vernacular.RequestContext.I": "[1.*, )",
          "Swashbuckle.AspNetCore": "[7.*, )",
          "Swashbuckle.AspNetCore.Annotations": "[7.*, )"
        }
      },
      "Asp.Versioning.Mvc.ApiExplorer": {
        "type": "CentralTransitive",
        "requested": "[8.*, )",
        "resolved": "8.1.1",
        "contentHash": "u8PrP6CjmurgIh0EDfg8Gc/GdpDHgkbv8OLKdxQcWb5W4sp0i9BcdbQlLvRcATjNIJUyr7ZmqXjmdsFfqnuy0g==",
        "dependencies": {
          "Asp.Versioning.Mvc": "8.1.1"
        }
      },
      "PPWCode.Util.Authorization.I": {
        "type": "CentralTransitive",
        "requested": "[1.*, )",
        "resolved": "1.0.0",
        "contentHash": "JDc3Ul3/gmpLKfBgW6emQSPyeikgP3S+A0GzbOendxWOT7YNsdyzs5wAthzgkF88o2BG+R7EXBZcppg4qR9v+w=="
      },
      "PPWCode.Vernacular.Contracts.I": {
        "type": "CentralTransitive",
        "requested": "[1.*, )",
        "resolved": "1.5.0",
        "contentHash": "Hv7hjZ+RXEnVkAZEdwlAW5QbT0Hvh+pCusaiQT5bRD93Z58OuMHH6Q48TizzufF6+DRm9rJdnufIcOWWvKLKaw=="
      },
      "PPWCode.Vernacular.Persistence.V": {
        "type": "CentralTransitive",
        "requested": "[1.*, )",
        "resolved": "1.1.0",
        "contentHash": "iXoTU962vqg7k4Xivj5yZKRBwes95XY2pEAQ1nAATv8i1+Krc9rXQsWvrLNCs5gD6Wf7racSjcr3ozoo3MHuWA==",
        "dependencies": {
          "PPWCode.Vernacular.Contracts.I": "1.5.0",
          "PPWCode.Vernacular.Exceptions.V": "1.1.0",
          "PPWCode.Vernacular.Semantics.V": "1.0.0"
        }
      },
      "PPWCode.Vernacular.RequestContext.I": {
        "type": "CentralTransitive",
        "requested": "[1.*, )",
        "resolved": "1.0.0",
        "contentHash": "KkhEf+OU4oYgRxORB1swnnDPG9kYoEEzkfTazgQod2vGeE/sH208c40bQ+Nwj219/RD51jpaOnYR9HZ4LmjuNA==",
        "dependencies": {
          "PPWCode.Util.Authorization.I": "1.0.0",
          "PPWCode.Util.Time.I": "1.0.0",
          "PPWCode.Vernacular.Contracts.I": "1.5.0"
        }
      },
      "Swashbuckle.AspNetCore": {
        "type": "CentralTransitive",
        "requested": "[7.*, )",
        "resolved": "7.3.2",
        "contentHash": "WEkW7Cl8bexT75eURuqrqM/TQx+ftWKOWlCHzmw3Fl3oAmxiBO/lDVOuuqZsaBCHQIBcZxA6BbyiG5dv2mD2tw==",
        "dependencies": {
          "Microsoft.Extensions.ApiDescription.Server": "6.0.5",
          "Swashbuckle.AspNetCore.Swagger": "7.3.2",
          "Swashbuckle.AspNetCore.SwaggerGen": "7.3.2",
          "Swashbuckle.AspNetCore.SwaggerUI": "7.3.2"
        }
      },
      "Swashbuckle.AspNetCore.Annotations": {
        "type": "CentralTransitive",
        "requested": "[7.*, )",
        "resolved": "7.3.2",
        "contentHash": "JaGYVVuiHzv3WWanFh/Fzx8ZYOtayNAhso5rwmHdxVYxn3AYJLYdijIBvQaEt4MIcsN0I1zXZfC/YKh47y3ocQ==",
        "dependencies": {
          "Swashbuckle.AspNetCore.SwaggerGen": "7.3.2"
        }
      }
    },
    "net9.0": {
      "Microsoft.EntityFrameworkCore": {
        "type": "Direct",
        "requested": "[9.*, )",
        "resolved": "9.0.14",
        "contentHash": "Bxw540n++gVwFbrh3NyxwV4ZwPonhbBmhiq7JdDyBUibLAPGvqvsu73Us3LGfRoLbQrhPEgu6cKSvQq+5ABAJA==",
        "dependencies": {
          "Microsoft.EntityFrameworkCore.Abstractions": "9.0.14",
          "Microsoft.EntityFrameworkCore.Analyzers": "9.0.14"
        }
      },
      "Microsoft.EntityFrameworkCore.Relational": {
        "type": "Direct",
        "requested": "[9.*, )",
        "resolved": "9.0.14",
        "contentHash": "R73NifQ3oiAEmvQokCrUtDaVMRO9UQXp52cpwosTZkAmpK2XtmJbHIrZRUjvLWkCzTlwjTDP27bH04PlyNeJoA==",
        "dependencies": {
          "Microsoft.EntityFrameworkCore": "9.0.14"
        }
      },
      "Microsoft.SourceLink.GitHub": {
        "type": "Direct",
        "requested": "[10.*, )",
        "resolved": "10.0.201",
        "contentHash": "qxYAmO4ktzd9L+HMdnqWucxpu7bI9undPyACXOMqPyhaiMtbpbYL/n0ACyWIJlbyEJrXFwxiOaBOSasLtDvsCg==",
        "dependencies": {
          "Microsoft.Build.Tasks.Git": "10.0.201",
          "Microsoft.SourceLink.Common": "10.0.201",
          "System.IO.Hashing": "10.0.5"
        }
      },
      "PPWCode.AspNetCore.Server.I": {
        "type": "Direct",
        "requested": "[1.*, )",
        "resolved": "1.0.1",
        "contentHash": "0KNkIFo/vHYWBlj60vtWgb0SLxdbGqGEIgJQncWsP5y0Xl49/bXEYj04kKDLdlm+BpgqvEqIf8MjtPLFttUCrw==",
        "dependencies": {
          "Asp.Versioning.Mvc": "8.1.1",
          "PPWCode.Vernacular.Contracts.I": "1.5.0",
          "PPWCode.Vernacular.Exceptions.V": "1.1.0",
          "PPWCode.Vernacular.Persistence.V": "1.0.0"
        }
      },
      "PPWCode.Vernacular.Exceptions.V": {
        "type": "Direct",
        "requested": "[1.*, )",
        "resolved": "1.1.0",
        "contentHash": "G/XH86vmbBIIuVRcoNLFRD0AHtEJ7aLw8w+Ia3BUHgZw2TGALDQ/eNOfrOrTFy5+4HPO2PLwRfrr69/Cp/zTRw=="
      },
      "StyleCop.Analyzers": {
        "type": "Direct",
        "requested": "[1.2.0-beta.556, )",
        "resolved": "1.2.0-beta.556",
        "contentHash": "llRPgmA1fhC0I0QyFLEcjvtM2239QzKr/tcnbsjArLMJxJlu0AA5G7Fft0OI30pHF3MW63Gf4aSSsjc5m82J1Q==",
        "dependencies": {
          "StyleCop.Analyzers.Unstable": "1.2.0.556"
        }
      },
      "Asp.Versioning.Abstractions": {
        "type": "Transitive",
        "resolved": "8.1.0",
        "contentHash": "mpeNZyMdvrHztJwR1sXIUQ+3iioEU97YMBnFA9WLbsPOYhGwDJnqJMmEd8ny7kcmS9OjTHoEuX/bSXXY3brIFA=="
      },
      "Asp.Versioning.Http": {
        "type": "Transitive",
        "resolved": "8.1.1",
        "contentHash": "1D/Mzq1MSUSQe1eCY6GeEsu+tIlpzoWZxZkhlcw/uvtVoTrwO+BMl0fSj/XX8oZN1DutWTZqHDHgyDRq+IeSdQ==",
        "dependencies": {
          "Asp.Versioning.Abstractions": "8.1.0"
        }
      },
      "Asp.Versioning.Mvc": {
        "type": "Transitive",
        "resolved": "8.1.1",
        "contentHash": "mkJv6eAdlbHbqTdrUcfEYFoZuGL6HoR7O+Lfsvivixp7N5BNhfCFPPOwsBzdIiH1qzdJXyJf+C+DZ08j27PMPg==",
        "dependencies": {
          "Asp.Versioning.Http": "8.1.1"
        }
      },
      "Microsoft.Build.Tasks.Git": {
        "type": "Transitive",
        "resolved": "10.0.201",
        "contentHash": "DMYBnrFZvLnBKn14VavEuuIr31CY6YY2i2L9P8DorS/Qp6ifRR8ZPLdJCFLFfjikNq8DykbYyLd/RP6lSqHcWw==",
        "dependencies": {
          "System.IO.Hashing": "10.0.5"
        }
      },
      "Microsoft.EntityFrameworkCore.Abstractions": {
        "type": "Transitive",
        "resolved": "9.0.14",
        "contentHash": "lU0DBe/uZ5hNW1G6tQcikcJhjmDE4eRjRQzaiFi41zxXUMndtZQaGGVNVWXeW6M9K6T212WnBA5cwydzBYmKNA=="
      },
      "Microsoft.EntityFrameworkCore.Analyzers": {
        "type": "Transitive",
        "resolved": "9.0.14",
        "contentHash": "u7j9NgArLjf3OzeXX1jx9K59Ytki0CfhMloXxons/cIhq/35QilP6R+NfPlQy/nMax+edeGRRfEg9hWFsjqsXA=="
      },
      "Microsoft.Extensions.ApiDescription.Server": {
        "type": "Transitive",
        "resolved": "6.0.5",
        "contentHash": "Ckb5EDBUNJdFWyajfXzUIMRkhf52fHZOQuuZg/oiu8y7zDCVwD0iHhew6MnThjHmevanpxL3f5ci2TtHQEN6bw=="
      },
      "Microsoft.OpenApi": {
        "type": "Transitive",
        "resolved": "1.6.22",
        "contentHash": "aBvunmrdu/x+4CaA/UP1Jx4xWGwk4kymhoIRnn2Vp+zi5/KOPQJ9EkSXHRUr01WcGKtYl3Au7XfkPJbU1G2sjQ=="
      },
      "Microsoft.SourceLink.Common": {
        "type": "Transitive",
        "resolved": "10.0.201",
        "contentHash": "QbBYhkjgL6rCnBfDbzsAJLlsad13TlBHqYCFDIw56OO2g6ix+9RsmY8uxiQGdWwFKbZXaXyAA6jDCzFYVGCZDw=="
      },
      "PPWCode.Util.Time.I": {
        "type": "Transitive",
        "resolved": "1.0.0",
        "contentHash": "KbF/TsKMSXUGHwCQigDcAAC+lMTp2bvcWufpYwYu2knF5IZMPeFN+j6q2C81H1E9WVMiV2TIxzwPZp0aUP/8ZQ==",
        "dependencies": {
          "PPWCode.Vernacular.Contracts.I": "1.5.0",
          "PPWCode.Vernacular.Exceptions.V": "1.1.0",
          "PPWCode.Vernacular.Semantics.V": "1.0.0"
        }
      },
      "PPWCode.Vernacular.Semantics.V": {
        "type": "Transitive",
        "resolved": "1.0.0",
        "contentHash": "B4jer3TyGME3xLFLY7BUN71OmvJiquPN4JH0ifQ7Gvh9CIrIL2orX/SHBtWNF7foUN1O22VpytcpmzWoT11Heg==",
        "dependencies": {
          "PPWCode.Vernacular.Contracts.I": "1.5.0",
          "PPWCode.Vernacular.Exceptions.V": "1.1.0"
        }
      },
      "StyleCop.Analyzers.Unstable": {
        "type": "Transitive",
        "resolved": "1.2.0.556",
        "contentHash": "zvn9Mqs/ox/83cpYPignI8hJEM2A93s2HkHs8HYMOAQW0PkampyoErAiIyKxgTLqbbad29HX/shv/6LGSjPJNQ=="
      },
      "Swashbuckle.AspNetCore.Swagger": {
        "type": "Transitive",
        "resolved": "7.3.2",
        "contentHash": "39Z2N3cLHDcDinu2IW5IaQO9wGPKTbc+vKbjIT/6gN3jFYypWY5U3O8i7Y9rmYDgxkm6niICnkcFZ3hEvikIHA==",
        "dependencies": {
          "Microsoft.OpenApi": "1.6.22"
        }
      },
      "Swashbuckle.AspNetCore.SwaggerGen": {
        "type": "Transitive",
        "resolved": "7.3.2",
        "contentHash": "x5famjpcgazpT/8eEIlpSYSTZDq6ojMARhuJgj6O67Uk+Yb1DdDM5yikdL7GK1pMk5rYBETUCRWYP6rp+vHnlA==",
        "dependencies": {
          "Swashbuckle.AspNetCore.Swagger": "7.3.2"
        }
      },
      "Swashbuckle.AspNetCore.SwaggerUI": {
        "type": "Transitive",
        "resolved": "7.3.2",
        "contentHash": "SNQuFjYin9KhkoCSVOD5/Y4VEyAjKBDeZkIqqY6x+oI21HMKzzVkeJA9V7tWFXf5df4m/+pTIlbKO7g5W9UroQ=="
      },
      "System.IO.Hashing": {
        "type": "Transitive",
        "resolved": "10.0.5",
        "contentHash": "8IBJWcCT9+e4Bmevm4T7+fQEiAh133KGiz4oiVTgJckd3Q76OFdR1falgn9lpz7+C4HJvogCDJeAa2QmvbeVtg=="
      },
      "ppwcode.aspnetcore.host.i": {
        "type": "Project",
        "dependencies": {
          "Asp.Versioning.Mvc.ApiExplorer": "[8.*, )",
          "PPWCode.AspNetCore.Server.I": "[1.*, )",
          "PPWCode.Util.Authorization.I": "[1.*, )",
          "PPWCode.Vernacular.Persistence.V": "[1.*, )",
          "PPWCode.Vernacular.RequestContext.I": "[1.*, )",
          "Swashbuckle.AspNetCore": "[7.*, )",
          "Swashbuckle.AspNetCore.Annotations": "[7.*, )"
        }
      },
      "Asp.Versioning.Mvc.ApiExplorer": {
        "type": "CentralTransitive",
        "requested": "[8.*, )",
        "resolved": "8.1.1",
        "contentHash": "u8PrP6CjmurgIh0EDfg8Gc/GdpDHgkbv8OLKdxQcWb5W4sp0i9BcdbQlLvRcATjNIJUyr7ZmqXjmdsFfqnuy0g==",
        "dependencies": {
          "Asp.Versioning.Mvc": "8.1.1"
        }
      },
      "PPWCode.Util.Authorization.I": {
        "type": "CentralTransitive",
        "requested": "[1.*, )",
        "resolved": "1.0.0",
        "contentHash": "JDc3Ul3/gmpLKfBgW6emQSPyeikgP3S+A0GzbOendxWOT7YNsdyzs5wAthzgkF88o2BG+R7EXBZcppg4qR9v+w=="
      },
      "PPWCode.Vernacular.Contracts.I": {
        "type": "CentralTransitive",
        "requested": "[1.*, )",
        "resolved": "1.5.0",
        "contentHash": "Hv7hjZ+RXEnVkAZEdwlAW5QbT0Hvh+pCusaiQT5bRD93Z58OuMHH6Q48TizzufF6+DRm9rJdnufIcOWWvKLKaw=="
      },
      "PPWCode.Vernacular.Persistence.V": {
        "type": "CentralTransitive",
        "requested": "[1.*, )",
        "resolved": "1.1.0",
        "contentHash": "iXoTU962vqg7k4Xivj5yZKRBwes95XY2pEAQ1nAATv8i1+Krc9rXQsWvrLNCs5gD6Wf7racSjcr3ozoo3MHuWA==",
        "dependencies": {
          "PPWCode.Vernacular.Contracts.I": "1.5.0",
          "PPWCode.Vernacular.Exceptions.V": "1.1.0",
          "PPWCode.Vernacular.Semantics.V": "1.0.0"
        }
      },
      "PPWCode.Vernacular.RequestContext.I": {
        "type": "CentralTransitive",
        "requested": "[1.*, )",
        "resolved": "1.0.0",
        "contentHash": "KkhEf+OU4oYgRxORB1swnnDPG9kYoEEzkfTazgQod2vGeE/sH208c40bQ+Nwj219/RD51jpaOnYR9HZ4LmjuNA==",
        "dependencies": {
          "PPWCode.Util.Authorization.I": "1.0.0",
          "PPWCode.Util.Time.I": "1.0.0",
          "PPWCode.Vernacular.Contracts.I": "1.5.0"
        }
      },
      "Swashbuckle.AspNetCore": {
        "type": "CentralTransitive",
        "requested": "[7.*, )",
        "resolved": "7.3.2",
        "contentHash": "WEkW7Cl8bexT75eURuqrqM/TQx+ftWKOWlCHzmw3Fl3oAmxiBO/lDVOuuqZsaBCHQIBcZxA6BbyiG5dv2mD2tw==",
        "dependencies": {
          "Microsoft.Extensions.ApiDescription.Server": "6.0.5",
          "Swashbuckle.AspNetCore.Swagger": "7.3.2",
          "Swashbuckle.AspNetCore.SwaggerGen": "7.3.2",
          "Swashbuckle.AspNetCore.SwaggerUI": "7.3.2"
        }
      },
      "Swashbuckle.AspNetCore.Annotations": {
        "type": "CentralTransitive",
        "requested": "[7.*, )",
        "resolved": "7.3.2",
        "contentHash": "JaGYVVuiHzv3WWanFh/Fzx8ZYOtayNAhso5rwmHdxVYxn3AYJLYdijIBvQaEt4MIcsN0I1zXZfC/YKh47y3ocQ==",
        "dependencies": {
          "Swashbuckle.AspNetCore.SwaggerGen": "7.3.2"
        }
      }
    }
  }
}