{
  "version": 1,
  "dependencies": {
    "net8.0": {
      "PPWCode.Vernacular.Contracts.I": {
        "type": "Direct",
        "requested": "[1.*, )",
        "resolved": "1.5.0",
        "contentHash": "Hv7hjZ+RXEnVkAZEdwlAW5QbT0Hvh+pCusaiQT5bRD93Z58OuMHH6Q48TizzufF6+DRm9rJdnufIcOWWvKLKaw=="
      },
      "PPWCode.Vernacular.Exceptions.V": {
        "type": "Direct",
        "requested": "[1.*, )",
        "resolved": "1.1.0",
        "contentHash": "G/XH86vmbBIIuVRcoNLFRD0AHtEJ7aLw8w+Ia3BUHgZw2TGALDQ/eNOfrOrTFy5+4HPO2PLwRfrr69/Cp/zTRw=="
      },
      "PPWCode.Vernacular.Semantics.V": {
        "type": "Direct",
        "requested": "[1.*, )",
        "resolved": "1.0.0",
        "contentHash": "B4jer3TyGME3xLFLY7BUN71OmvJiquPN4JH0ifQ7Gvh9CIrIL2orX/SHBtWNF7foUN1O22VpytcpmzWoT11Heg==",
        "dependencies": {
          "PPWCode.Vernacular.Contracts.I": "1.5.0",
          "PPWCode.Vernacular.Exceptions.V": "1.1.0"
        }
      },
      "StyleCop.Analyzers": {
        "type": "Direct",
        "requested": "[1.1.118, )",
        "resolved": "1.1.118",
        "contentHash": "Onx6ovGSqXSK07n/0eM3ZusiNdB6cIlJdabQhWGgJp3Vooy9AaLS/tigeybOJAobqbtggTamoWndz72JscZBvw=="
      }
    }
  }
}