{
  "version": 1,
  "dependencies": {
    "net8.0": {
      "PPWCode.Vernacular.Contracts.I": {
        "type": "Direct",
        "requested": "[1.*, )",
        "resolved": "1.4.1",
        "contentHash": "4GlI02Sxovny8zLMbMo3VBVqZDkoVWLSWDSz0hNlpmuy34wRbxFcLWzjyMpx6ps2PXZ35jpPBOMh3+F5VQWyiA==",
        "dependencies": {
          "PPWCode.Vernacular.Exceptions.IV": "2.2.1"
        }
      },
      "PPWCode.Vernacular.Exceptions.V": {
        "type": "Direct",
        "requested": "[1.*, )",
        "resolved": "1.0.0",
        "contentHash": "Z7eSoehsODkrkhAYkcOEEMUAojxwjxNVaDyBtN5CUYp03uj+fmnBZmTsMjz04jQG+C7ZYvvMyGQteZNCOfYk0w=="
      },
      "StyleCop.Analyzers": {
        "type": "Direct",
        "requested": "[1.1.118, )",
        "resolved": "1.1.118",
        "contentHash": "Onx6ovGSqXSK07n/0eM3ZusiNdB6cIlJdabQhWGgJp3Vooy9AaLS/tigeybOJAobqbtggTamoWndz72JscZBvw=="
      },
      "PPWCode.Vernacular.Exceptions.IV": {
        "type": "Transitive",
        "resolved": "2.2.1",
        "contentHash": "EnSpiADCKJenktPGhgsDAnsSzbf+HTDq52Wkr2F+58/sanx2rb4//Q68SnYEaOKl/AACQBp+FOKuGih0lYYW0A=="
      },
      "ppwcode.vernacular.semantics.v": {
        "type": "Project",
        "dependencies": {
          "PPWCode.Vernacular.Contracts.I": "[1.*, )",
          "PPWCode.Vernacular.Exceptions.V": "[1.*, )"
        }
      }
    }
  }
}