{
  "version": 2,
  "dependencies": {
    "net10.0": {
      "Asp.Versioning.Mvc.ApiExplorer": {
        "type": "Direct",
        "requested": "[8.*, )",
        "resolved": "8.1.1",
        "contentHash": "u8PrP6CjmurgIh0EDfg8Gc/GdpDHgkbv8OLKdxQcWb5W4sp0i9BcdbQlLvRcATjNIJUyr7ZmqXjmdsFfqnuy0g==",
        "dependencies": {
          "Asp.Versioning.Mvc": "8.1.1"
        }
      },
      "Microsoft.SourceLink.GitHub": {
        "type": "Direct",
        "requested": "[10.*, )",
        "resolved": "10.0.201",
        "contentHash": "qxYAmO4ktzd9L+HMdnqWucxpu7bI9undPyACXOMqPyhaiMtbpbYL/n0ACyWIJlbyEJrXFwxiOaBOSasLtDvsCg==",
        "dependencies": {
          "Microsoft.Build.Tasks.Git": "10.0.201",
          "Microsoft.SourceLink.Common": "10.0.201",
          "System.IO.Hashing": "10.0.5"
        }
      },
      "PPWCode.AspNetCore.Server.I": {
        "type": "Direct",
        "requested": "[1.*, )",
        "resolved": "1.0.1",
        "contentHash": "0KNkIFo/vHYWBlj60vtWgb0SLxdbGqGEIgJQncWsP5y0Xl49/bXEYj04kKDLdlm+BpgqvEqIf8MjtPLFttUCrw==",
        "dependencies": {
          "Asp.Versioning.Mvc": "8.1.1",
          "PPWCode.Vernacular.Contracts.I": "1.5.0",
          "PPWCode.Vernacular.Exceptions.V": "1.1.0",
          "PPWCode.Vernacular.Persistence.V": "1.0.0"
        }
      },
      "PPWCode.Util.Authorization.I": {
        "type": "Direct",
        "requested": "[1.*, )",
        "resolved": "1.0.0",
        "contentHash": "JDc3Ul3/gmpLKfBgW6emQSPyeikgP3S+A0GzbOendxWOT7YNsdyzs5wAthzgkF88o2BG+R7EXBZcppg4qR9v+w=="
      },
      "PPWCode.Vernacular.Persistence.V": {
        "type": "Direct",
        "requested": "[1.*, )",
        "resolved": "1.1.0",
        "contentHash": "iXoTU962vqg7k4Xivj5yZKRBwes95XY2pEAQ1nAATv8i1+Krc9rXQsWvrLNCs5gD6Wf7racSjcr3ozoo3MHuWA==",
        "dependencies": {
          "PPWCode.Vernacular.Contracts.I": "1.5.0",
          "PPWCode.Vernacular.Exceptions.V": "1.1.0",
          "PPWCode.Vernacular.Semantics.V": "1.0.0"
        }
      },
      "PPWCode.Vernacular.RequestContext.I": {
        "type": "Direct",
        "requested": "[1.*, )",
        "resolved": "1.0.0",
        "contentHash": "KkhEf+OU4oYgRxORB1swnnDPG9kYoEEzkfTazgQod2vGeE/sH208c40bQ+Nwj219/RD51jpaOnYR9HZ4LmjuNA==",
        "dependencies": {
          "PPWCode.Util.Authorization.I": "1.0.0",
          "PPWCode.Util.Time.I": "1.0.0",
          "PPWCode.Vernacular.Contracts.I": "1.5.0"
        }
      },
      "StyleCop.Analyzers": {
        "type": "Direct",
        "requested": "[1.2.0-beta.556, )",
        "resolved": "1.2.0-beta.556",
        "contentHash": "llRPgmA1fhC0I0QyFLEcjvtM2239QzKr/tcnbsjArLMJxJlu0AA5G7Fft0OI30pHF3MW63Gf4aSSsjc5m82J1Q==",
        "dependencies": {
          "StyleCop.Analyzers.Unstable": "1.2.0.556"
        }
      },
      "Swashbuckle.AspNetCore": {
        "type": "Direct",
        "requested": "[10.*, )",
        "resolved": "10.1.7",
        "contentHash": "vgef8DPT411JU5JjHiDbr0WOxsIVuAvegPGtqmm4Na4JRl/264dfBJcGkiPHsAr5P+Vda+qN1rZKRtBl1rF9aA==",
        "dependencies": {
          "Microsoft.Extensions.ApiDescription.Server": "10.0.0",
          "Swashbuckle.AspNetCore.Swagger": "10.1.7",
          "Swashbuckle.AspNetCore.SwaggerGen": "10.1.7",
          "Swashbuckle.AspNetCore.SwaggerUI": "10.1.7"
        }
      },
      "Swashbuckle.AspNetCore.Annotations": {
        "type": "Direct",
        "requested": "[10.*, )",
        "resolved": "10.1.7",
        "contentHash": "qHNQghKAzrjDEECIlyKEanmWxXDzrh6PyjGWVdql2qZfap0Ionuxam5OrUozibjbgQbVjRmgSXxWC8giIuCbGA==",
        "dependencies": {
          "Swashbuckle.AspNetCore.SwaggerGen": "10.1.7"
        }
      },
      "Asp.Versioning.Abstractions": {
        "type": "Transitive",
        "resolved": "8.1.0",
        "contentHash": "mpeNZyMdvrHztJwR1sXIUQ+3iioEU97YMBnFA9WLbsPOYhGwDJnqJMmEd8ny7kcmS9OjTHoEuX/bSXXY3brIFA=="
      },
      "Asp.Versioning.Http": {
        "type": "Transitive",
        "resolved": "8.1.1",
        "contentHash": "1D/Mzq1MSUSQe1eCY6GeEsu+tIlpzoWZxZkhlcw/uvtVoTrwO+BMl0fSj/XX8oZN1DutWTZqHDHgyDRq+IeSdQ==",
        "dependencies": {
          "Asp.Versioning.Abstractions": "8.1.0"
        }
      },
      "Asp.Versioning.Mvc": {
        "type": "Transitive",
        "resolved": "8.1.1",
        "contentHash": "mkJv6eAdlbHbqTdrUcfEYFoZuGL6HoR7O+Lfsvivixp7N5BNhfCFPPOwsBzdIiH1qzdJXyJf+C+DZ08j27PMPg==",
        "dependencies": {
          "Asp.Versioning.Http": "8.1.1"
        }
      },
      "Microsoft.Build.Tasks.Git": {
        "type": "Transitive",
        "resolved": "10.0.201",
        "contentHash": "DMYBnrFZvLnBKn14VavEuuIr31CY6YY2i2L9P8DorS/Qp6ifRR8ZPLdJCFLFfjikNq8DykbYyLd/RP6lSqHcWw==",
        "dependencies": {
          "System.IO.Hashing": "10.0.5"
        }
      },
      "Microsoft.Extensions.ApiDescription.Server": {
        "type": "Transitive",
        "resolved": "10.0.0",
        "contentHash": "NCWCGiwRwje8773yzPQhvucYnnfeR+ZoB1VRIrIMp4uaeUNw7jvEPHij3HIbwCDuNCrNcphA00KSAR9yD9qmbg=="
      },
      "Microsoft.OpenApi": {
        "type": "Transitive",
        "resolved": "2.4.1",
        "contentHash": "u7QhXCISMQuab3flasb1hoaiERmUqyWsW7tmQODyILoQ7mJV5IRGM+2KKZYo0QUfC13evEOcHAb6TPWgqEQtrw=="
      },
      "Microsoft.SourceLink.Common": {
        "type": "Transitive",
        "resolved": "10.0.201",
        "contentHash": "QbBYhkjgL6rCnBfDbzsAJLlsad13TlBHqYCFDIw56OO2g6ix+9RsmY8uxiQGdWwFKbZXaXyAA6jDCzFYVGCZDw=="
      },
      "PPWCode.Util.Time.I": {
        "type": "Transitive",
        "resolved": "1.0.0",
        "contentHash": "KbF/TsKMSXUGHwCQigDcAAC+lMTp2bvcWufpYwYu2knF5IZMPeFN+j6q2C81H1E9WVMiV2TIxzwPZp0aUP/8ZQ==",
        "dependencies": {
          "PPWCode.Vernacular.Contracts.I": "1.5.0",
          "PPWCode.Vernacular.Exceptions.V": "1.1.0",
          "PPWCode.Vernacular.Semantics.V": "1.0.0"
        }
      },
      "PPWCode.Vernacular.Semantics.V": {
        "type": "Transitive",
        "resolved": "1.0.0",
        "contentHash": "B4jer3TyGME3xLFLY7BUN71OmvJiquPN4JH0ifQ7Gvh9CIrIL2orX/SHBtWNF7foUN1O22VpytcpmzWoT11Heg==",
        "dependencies": {
          "PPWCode.Vernacular.Contracts.I": "1.5.0",
          "PPWCode.Vernacular.Exceptions.V": "1.1.0"
        }
      },
      "StyleCop.Analyzers.Unstable": {
        "type": "Transitive",
        "resolved": "1.2.0.556",
        "contentHash": "zvn9Mqs/ox/83cpYPignI8hJEM2A93s2HkHs8HYMOAQW0PkampyoErAiIyKxgTLqbbad29HX/shv/6LGSjPJNQ=="
      },
      "Swashbuckle.AspNetCore.Swagger": {
        "type": "Transitive",
        "resolved": "10.1.7",
        "contentHash": "EjLibt/d/QuRv170GoihTbcPUpgzSFm2WKHhnGJFZQ03JYzfuitsM79azaAR8NBwRunU7yScSX6HRE5JUlrEMQ==",
        "dependencies": {
          "Microsoft.OpenApi": "2.4.1"
        }
      },
      "Swashbuckle.AspNetCore.SwaggerGen": {
        "type": "Transitive",
        "resolved": "10.1.7",
        "contentHash": "PuubO9BjvNn6U3D9kLpuWKY1JtziWw7SsGBq0age1E50uQjQ8Fzl8s0EwzrLfANqYJNgDnJi9l7N1QxcGVB2Zw==",
        "dependencies": {
          "Swashbuckle.AspNetCore.Swagger": "10.1.7"
        }
      },
      "Swashbuckle.AspNetCore.SwaggerUI": {
        "type": "Transitive",
        "resolved": "10.1.7",
        "contentHash": "iJo3ODyUb/M8Vm8AH1r9y9iAba0w95xsCn3zFVl96ISRHbTDWxi+l7oFVCZqUEdjd97B8VMDPnMliWAdomR8uw=="
      },
      "System.IO.Hashing": {
        "type": "Transitive",
        "resolved": "10.0.5",
        "contentHash": "8IBJWcCT9+e4Bmevm4T7+fQEiAh133KGiz4oiVTgJckd3Q76OFdR1falgn9lpz7+C4HJvogCDJeAa2QmvbeVtg=="
      },
      "PPWCode.Vernacular.Contracts.I": {
        "type": "CentralTransitive",
        "requested": "[1.*, )",
        "resolved": "1.5.0",
        "contentHash": "Hv7hjZ+RXEnVkAZEdwlAW5QbT0Hvh+pCusaiQT5bRD93Z58OuMHH6Q48TizzufF6+DRm9rJdnufIcOWWvKLKaw=="
      },
      "PPWCode.Vernacular.Exceptions.V": {
        "type": "CentralTransitive",
        "requested": "[1.*, )",
        "resolved": "1.1.0",
        "contentHash": "G/XH86vmbBIIuVRcoNLFRD0AHtEJ7aLw8w+Ia3BUHgZw2TGALDQ/eNOfrOrTFy5+4HPO2PLwRfrr69/Cp/zTRw=="
      }
    },
    "net8.0": {
      "Asp.Versioning.Mvc.ApiExplorer": {
        "type": "Direct",
        "requested": "[8.*, )",
        "resolved": "8.1.1",
        "contentHash": "u8PrP6CjmurgIh0EDfg8Gc/GdpDHgkbv8OLKdxQcWb5W4sp0i9BcdbQlLvRcATjNIJUyr7ZmqXjmdsFfqnuy0g==",
        "dependencies": {
          "Asp.Versioning.Mvc": "8.1.1"
        }
      },
      "Microsoft.SourceLink.GitHub": {
        "type": "Direct",
        "requested": "[10.*, )",
        "resolved": "10.0.201",
        "contentHash": "qxYAmO4ktzd9L+HMdnqWucxpu7bI9undPyACXOMqPyhaiMtbpbYL/n0ACyWIJlbyEJrXFwxiOaBOSasLtDvsCg==",
        "dependencies": {
          "Microsoft.Build.Tasks.Git": "10.0.201",
          "Microsoft.SourceLink.Common": "10.0.201",
          "System.IO.Hashing": "10.0.5"
        }
      },
      "PPWCode.AspNetCore.Server.I": {
        "type": "Direct",
        "requested": "[1.*, )",
        "resolved": "1.0.1",
        "contentHash": "0KNkIFo/vHYWBlj60vtWgb0SLxdbGqGEIgJQncWsP5y0Xl49/bXEYj04kKDLdlm+BpgqvEqIf8MjtPLFttUCrw==",
        "dependencies": {
          "Asp.Versioning.Mvc": "8.1.1",
          "PPWCode.Vernacular.Contracts.I": "1.5.0",
          "PPWCode.Vernacular.Exceptions.V": "1.1.0",
          "PPWCode.Vernacular.Persistence.V": "1.0.0"
        }
      },
      "PPWCode.Util.Authorization.I": {
        "type": "Direct",
        "requested": "[1.*, )",
        "resolved": "1.0.0",
        "contentHash": "JDc3Ul3/gmpLKfBgW6emQSPyeikgP3S+A0GzbOendxWOT7YNsdyzs5wAthzgkF88o2BG+R7EXBZcppg4qR9v+w=="
      },
      "PPWCode.Vernacular.Persistence.V": {
        "type": "Direct",
        "requested": "[1.*, )",
        "resolved": "1.1.0",
        "contentHash": "iXoTU962vqg7k4Xivj5yZKRBwes95XY2pEAQ1nAATv8i1+Krc9rXQsWvrLNCs5gD6Wf7racSjcr3ozoo3MHuWA==",
        "dependencies": {
          "PPWCode.Vernacular.Contracts.I": "1.5.0",
          "PPWCode.Vernacular.Exceptions.V": "1.1.0",
          "PPWCode.Vernacular.Semantics.V": "1.0.0"
        }
      },
      "PPWCode.Vernacular.RequestContext.I": {
        "type": "Direct",
        "requested": "[1.*, )",
        "resolved": "1.0.0",
        "contentHash": "KkhEf+OU4oYgRxORB1swnnDPG9kYoEEzkfTazgQod2vGeE/sH208c40bQ+Nwj219/RD51jpaOnYR9HZ4LmjuNA==",
        "dependencies": {
          "PPWCode.Util.Authorization.I": "1.0.0",
          "PPWCode.Util.Time.I": "1.0.0",
          "PPWCode.Vernacular.Contracts.I": "1.5.0"
        }
      },
      "StyleCop.Analyzers": {
        "type": "Direct",
        "requested": "[1.2.0-beta.556, )",
        "resolved": "1.2.0-beta.556",
        "contentHash": "llRPgmA1fhC0I0QyFLEcjvtM2239QzKr/tcnbsjArLMJxJlu0AA5G7Fft0OI30pHF3MW63Gf4aSSsjc5m82J1Q==",
        "dependencies": {
          "StyleCop.Analyzers.Unstable": "1.2.0.556"
        }
      },
      "Swashbuckle.AspNetCore": {
        "type": "Direct",
        "requested": "[10.*, )",
        "resolved": "10.1.7",
        "contentHash": "vgef8DPT411JU5JjHiDbr0WOxsIVuAvegPGtqmm4Na4JRl/264dfBJcGkiPHsAr5P+Vda+qN1rZKRtBl1rF9aA==",
        "dependencies": {
          "Microsoft.Extensions.ApiDescription.Server": "8.0.0",
          "Swashbuckle.AspNetCore.Swagger": "10.1.7",
          "Swashbuckle.AspNetCore.SwaggerGen": "10.1.7",
          "Swashbuckle.AspNetCore.SwaggerUI": "10.1.7"
        }
      },
      "Swashbuckle.AspNetCore.Annotations": {
        "type": "Direct",
        "requested": "[10.*, )",
        "resolved": "10.1.7",
        "contentHash": "qHNQghKAzrjDEECIlyKEanmWxXDzrh6PyjGWVdql2qZfap0Ionuxam5OrUozibjbgQbVjRmgSXxWC8giIuCbGA==",
        "dependencies": {
          "Swashbuckle.AspNetCore.SwaggerGen": "10.1.7"
        }
      },
      "Asp.Versioning.Abstractions": {
        "type": "Transitive",
        "resolved": "8.1.0",
        "contentHash": "mpeNZyMdvrHztJwR1sXIUQ+3iioEU97YMBnFA9WLbsPOYhGwDJnqJMmEd8ny7kcmS9OjTHoEuX/bSXXY3brIFA=="
      },
      "Asp.Versioning.Http": {
        "type": "Transitive",
        "resolved": "8.1.1",
        "contentHash": "1D/Mzq1MSUSQe1eCY6GeEsu+tIlpzoWZxZkhlcw/uvtVoTrwO+BMl0fSj/XX8oZN1DutWTZqHDHgyDRq+IeSdQ==",
        "dependencies": {
          "Asp.Versioning.Abstractions": "8.1.0"
        }
      },
      "Asp.Versioning.Mvc": {
        "type": "Transitive",
        "resolved": "8.1.1",
        "contentHash": "mkJv6eAdlbHbqTdrUcfEYFoZuGL6HoR7O+Lfsvivixp7N5BNhfCFPPOwsBzdIiH1qzdJXyJf+C+DZ08j27PMPg==",
        "dependencies": {
          "Asp.Versioning.Http": "8.1.1"
        }
      },
      "Microsoft.Build.Tasks.Git": {
        "type": "Transitive",
        "resolved": "10.0.201",
        "contentHash": "DMYBnrFZvLnBKn14VavEuuIr31CY6YY2i2L9P8DorS/Qp6ifRR8ZPLdJCFLFfjikNq8DykbYyLd/RP6lSqHcWw==",
        "dependencies": {
          "System.IO.Hashing": "10.0.5"
        }
      },
      "Microsoft.Extensions.ApiDescription.Server": {
        "type": "Transitive",
        "resolved": "8.0.0",
        "contentHash": "jDM3a95WerM8g6IcMiBXq1qRS9dqmEUpgnCk2DeMWpPkYtp1ia+CkXabOnK93JmhVlUmv8l9WMPsCSUm+WqkIA=="
      },
      "Microsoft.OpenApi": {
        "type": "Transitive",
        "resolved": "2.4.1",
        "contentHash": "u7QhXCISMQuab3flasb1hoaiERmUqyWsW7tmQODyILoQ7mJV5IRGM+2KKZYo0QUfC13evEOcHAb6TPWgqEQtrw=="
      },
      "Microsoft.SourceLink.Common": {
        "type": "Transitive",
        "resolved": "10.0.201",
        "contentHash": "QbBYhkjgL6rCnBfDbzsAJLlsad13TlBHqYCFDIw56OO2g6ix+9RsmY8uxiQGdWwFKbZXaXyAA6jDCzFYVGCZDw=="
      },
      "PPWCode.Util.Time.I": {
        "type": "Transitive",
        "resolved": "1.0.0",
        "contentHash": "KbF/TsKMSXUGHwCQigDcAAC+lMTp2bvcWufpYwYu2knF5IZMPeFN+j6q2C81H1E9WVMiV2TIxzwPZp0aUP/8ZQ==",
        "dependencies": {
          "PPWCode.Vernacular.Contracts.I": "1.5.0",
          "PPWCode.Vernacular.Exceptions.V": "1.1.0",
          "PPWCode.Vernacular.Semantics.V": "1.0.0"
        }
      },
      "PPWCode.Vernacular.Semantics.V": {
        "type": "Transitive",
        "resolved": "1.0.0",
        "contentHash": "B4jer3TyGME3xLFLY7BUN71OmvJiquPN4JH0ifQ7Gvh9CIrIL2orX/SHBtWNF7foUN1O22VpytcpmzWoT11Heg==",
        "dependencies": {
          "PPWCode.Vernacular.Contracts.I": "1.5.0",
          "PPWCode.Vernacular.Exceptions.V": "1.1.0"
        }
      },
      "StyleCop.Analyzers.Unstable": {
        "type": "Transitive",
        "resolved": "1.2.0.556",
        "contentHash": "zvn9Mqs/ox/83cpYPignI8hJEM2A93s2HkHs8HYMOAQW0PkampyoErAiIyKxgTLqbbad29HX/shv/6LGSjPJNQ=="
      },
      "Swashbuckle.AspNetCore.Swagger": {
        "type": "Transitive",
        "resolved": "10.1.7",
        "contentHash": "EjLibt/d/QuRv170GoihTbcPUpgzSFm2WKHhnGJFZQ03JYzfuitsM79azaAR8NBwRunU7yScSX6HRE5JUlrEMQ==",
        "dependencies": {
          "Microsoft.OpenApi": "2.4.1"
        }
      },
      "Swashbuckle.AspNetCore.SwaggerGen": {
        "type": "Transitive",
        "resolved": "10.1.7",
        "contentHash": "PuubO9BjvNn6U3D9kLpuWKY1JtziWw7SsGBq0age1E50uQjQ8Fzl8s0EwzrLfANqYJNgDnJi9l7N1QxcGVB2Zw==",
        "dependencies": {
          "Swashbuckle.AspNetCore.Swagger": "10.1.7"
        }
      },
      "Swashbuckle.AspNetCore.SwaggerUI": {
        "type": "Transitive",
        "resolved": "10.1.7",
        "contentHash": "iJo3ODyUb/M8Vm8AH1r9y9iAba0w95xsCn3zFVl96ISRHbTDWxi+l7oFVCZqUEdjd97B8VMDPnMliWAdomR8uw=="
      },
      "System.IO.Hashing": {
        "type": "Transitive",
        "resolved": "10.0.5",
        "contentHash": "8IBJWcCT9+e4Bmevm4T7+fQEiAh133KGiz4oiVTgJckd3Q76OFdR1falgn9lpz7+C4HJvogCDJeAa2QmvbeVtg=="
      },
      "PPWCode.Vernacular.Contracts.I": {
        "type": "CentralTransitive",
        "requested": "[1.*, )",
        "resolved": "1.5.0",
        "contentHash": "Hv7hjZ+RXEnVkAZEdwlAW5QbT0Hvh+pCusaiQT5bRD93Z58OuMHH6Q48TizzufF6+DRm9rJdnufIcOWWvKLKaw=="
      },
      "PPWCode.Vernacular.Exceptions.V": {
        "type": "CentralTransitive",
        "requested": "[1.*, )",
        "resolved": "1.1.0",
        "contentHash": "G/XH86vmbBIIuVRcoNLFRD0AHtEJ7aLw8w+Ia3BUHgZw2TGALDQ/eNOfrOrTFy5+4HPO2PLwRfrr69/Cp/zTRw=="
      }
    },
    "net9.0": {
      "Asp.Versioning.Mvc.ApiExplorer": {
        "type": "Direct",
        "requested": "[8.*, )",
        "resolved": "8.1.1",
        "contentHash": "u8PrP6CjmurgIh0EDfg8Gc/GdpDHgkbv8OLKdxQcWb5W4sp0i9BcdbQlLvRcATjNIJUyr7ZmqXjmdsFfqnuy0g==",
        "dependencies": {
          "Asp.Versioning.Mvc": "8.1.1"
        }
      },
      "Microsoft.SourceLink.GitHub": {
        "type": "Direct",
        "requested": "[10.*, )",
        "resolved": "10.0.201",
        "contentHash": "qxYAmO4ktzd9L+HMdnqWucxpu7bI9undPyACXOMqPyhaiMtbpbYL/n0ACyWIJlbyEJrXFwxiOaBOSasLtDvsCg==",
        "dependencies": {
          "Microsoft.Build.Tasks.Git": "10.0.201",
          "Microsoft.SourceLink.Common": "10.0.201",
          "System.IO.Hashing": "10.0.5"
        }
      },
      "PPWCode.AspNetCore.Server.I": {
        "type": "Direct",
        "requested": "[1.*, )",
        "resolved": "1.0.1",
        "contentHash": "0KNkIFo/vHYWBlj60vtWgb0SLxdbGqGEIgJQncWsP5y0Xl49/bXEYj04kKDLdlm+BpgqvEqIf8MjtPLFttUCrw==",
        "dependencies": {
          "Asp.Versioning.Mvc": "8.1.1",
          "PPWCode.Vernacular.Contracts.I": "1.5.0",
          "PPWCode.Vernacular.Exceptions.V": "1.1.0",
          "PPWCode.Vernacular.Persistence.V": "1.0.0"
        }
      },
      "PPWCode.Util.Authorization.I": {
        "type": "Direct",
        "requested": "[1.*, )",
        "resolved": "1.0.0",
        "contentHash": "JDc3Ul3/gmpLKfBgW6emQSPyeikgP3S+A0GzbOendxWOT7YNsdyzs5wAthzgkF88o2BG+R7EXBZcppg4qR9v+w=="
      },
      "PPWCode.Vernacular.Persistence.V": {
        "type": "Direct",
        "requested": "[1.*, )",
        "resolved": "1.1.0",
        "contentHash": "iXoTU962vqg7k4Xivj5yZKRBwes95XY2pEAQ1nAATv8i1+Krc9rXQsWvrLNCs5gD6Wf7racSjcr3ozoo3MHuWA==",
        "dependencies": {
          "PPWCode.Vernacular.Contracts.I": "1.5.0",
          "PPWCode.Vernacular.Exceptions.V": "1.1.0",
          "PPWCode.Vernacular.Semantics.V": "1.0.0"
        }
      },
      "PPWCode.Vernacular.RequestContext.I": {
        "type": "Direct",
        "requested": "[1.*, )",
        "resolved": "1.0.0",
        "contentHash": "KkhEf+OU4oYgRxORB1swnnDPG9kYoEEzkfTazgQod2vGeE/sH208c40bQ+Nwj219/RD51jpaOnYR9HZ4LmjuNA==",
        "dependencies": {
          "PPWCode.Util.Authorization.I": "1.0.0",
          "PPWCode.Util.Time.I": "1.0.0",
          "PPWCode.Vernacular.Contracts.I": "1.5.0"
        }
      },
      "StyleCop.Analyzers": {
        "type": "Direct",
        "requested": "[1.2.0-beta.556, )",
        "resolved": "1.2.0-beta.556",
        "contentHash": "llRPgmA1fhC0I0QyFLEcjvtM2239QzKr/tcnbsjArLMJxJlu0AA5G7Fft0OI30pHF3MW63Gf4aSSsjc5m82J1Q==",
        "dependencies": {
          "StyleCop.Analyzers.Unstable": "1.2.0.556"
        }
      },
      "Swashbuckle.AspNetCore": {
        "type": "Direct",
        "requested": "[10.*, )",
        "resolved": "10.1.7",
        "contentHash": "vgef8DPT411JU5JjHiDbr0WOxsIVuAvegPGtqmm4Na4JRl/264dfBJcGkiPHsAr5P+Vda+qN1rZKRtBl1rF9aA==",
        "dependencies": {
          "Microsoft.Extensions.ApiDescription.Server": "9.0.0",
          "Swashbuckle.AspNetCore.Swagger": "10.1.7",
          "Swashbuckle.AspNetCore.SwaggerGen": "10.1.7",
          "Swashbuckle.AspNetCore.SwaggerUI": "10.1.7"
        }
      },
      "Swashbuckle.AspNetCore.Annotations": {
        "type": "Direct",
        "requested": "[10.*, )",
        "resolved": "10.1.7",
        "contentHash": "qHNQghKAzrjDEECIlyKEanmWxXDzrh6PyjGWVdql2qZfap0Ionuxam5OrUozibjbgQbVjRmgSXxWC8giIuCbGA==",
        "dependencies": {
          "Swashbuckle.AspNetCore.SwaggerGen": "10.1.7"
        }
      },
      "Asp.Versioning.Abstractions": {
        "type": "Transitive",
        "resolved": "8.1.0",
        "contentHash": "mpeNZyMdvrHztJwR1sXIUQ+3iioEU97YMBnFA9WLbsPOYhGwDJnqJMmEd8ny7kcmS9OjTHoEuX/bSXXY3brIFA=="
      },
      "Asp.Versioning.Http": {
        "type": "Transitive",
        "resolved": "8.1.1",
        "contentHash": "1D/Mzq1MSUSQe1eCY6GeEsu+tIlpzoWZxZkhlcw/uvtVoTrwO+BMl0fSj/XX8oZN1DutWTZqHDHgyDRq+IeSdQ==",
        "dependencies": {
          "Asp.Versioning.Abstractions": "8.1.0"
        }
      },
      "Asp.Versioning.Mvc": {
        "type": "Transitive",
        "resolved": "8.1.1",
        "contentHash": "mkJv6eAdlbHbqTdrUcfEYFoZuGL6HoR7O+Lfsvivixp7N5BNhfCFPPOwsBzdIiH1qzdJXyJf+C+DZ08j27PMPg==",
        "dependencies": {
          "Asp.Versioning.Http": "8.1.1"
        }
      },
      "Microsoft.Build.Tasks.Git": {
        "type": "Transitive",
        "resolved": "10.0.201",
        "contentHash": "DMYBnrFZvLnBKn14VavEuuIr31CY6YY2i2L9P8DorS/Qp6ifRR8ZPLdJCFLFfjikNq8DykbYyLd/RP6lSqHcWw==",
        "dependencies": {
          "System.IO.Hashing": "10.0.5"
        }
      },
      "Microsoft.Extensions.ApiDescription.Server": {
        "type": "Transitive",
        "resolved": "9.0.0",
        "contentHash": "1Kzzf7pRey40VaUkHN9/uWxrKVkLu2AQjt+GVeeKLLpiEHAJ1xZRsLSh4ZZYEnyS7Kt2OBOPmsXNdU+wbcOl5w=="
      },
      "Microsoft.OpenApi": {
        "type": "Transitive",
        "resolved": "2.4.1",
        "contentHash": "u7QhXCISMQuab3flasb1hoaiERmUqyWsW7tmQODyILoQ7mJV5IRGM+2KKZYo0QUfC13evEOcHAb6TPWgqEQtrw=="
      },
      "Microsoft.SourceLink.Common": {
        "type": "Transitive",
        "resolved": "10.0.201",
        "contentHash": "QbBYhkjgL6rCnBfDbzsAJLlsad13TlBHqYCFDIw56OO2g6ix+9RsmY8uxiQGdWwFKbZXaXyAA6jDCzFYVGCZDw=="
      },
      "PPWCode.Util.Time.I": {
        "type": "Transitive",
        "resolved": "1.0.0",
        "contentHash": "KbF/TsKMSXUGHwCQigDcAAC+lMTp2bvcWufpYwYu2knF5IZMPeFN+j6q2C81H1E9WVMiV2TIxzwPZp0aUP/8ZQ==",
        "dependencies": {
          "PPWCode.Vernacular.Contracts.I": "1.5.0",
          "PPWCode.Vernacular.Exceptions.V": "1.1.0",
          "PPWCode.Vernacular.Semantics.V": "1.0.0"
        }
      },
      "PPWCode.Vernacular.Semantics.V": {
        "type": "Transitive",
        "resolved": "1.0.0",
        "contentHash": "B4jer3TyGME3xLFLY7BUN71OmvJiquPN4JH0ifQ7Gvh9CIrIL2orX/SHBtWNF7foUN1O22VpytcpmzWoT11Heg==",
        "dependencies": {
          "PPWCode.Vernacular.Contracts.I": "1.5.0",
          "PPWCode.Vernacular.Exceptions.V": "1.1.0"
        }
      },
      "StyleCop.Analyzers.Unstable": {
        "type": "Transitive",
        "resolved": "1.2.0.556",
        "contentHash": "zvn9Mqs/ox/83cpYPignI8hJEM2A93s2HkHs8HYMOAQW0PkampyoErAiIyKxgTLqbbad29HX/shv/6LGSjPJNQ=="
      },
      "Swashbuckle.AspNetCore.Swagger": {
        "type": "Transitive",
        "resolved": "10.1.7",
        "contentHash": "EjLibt/d/QuRv170GoihTbcPUpgzSFm2WKHhnGJFZQ03JYzfuitsM79azaAR8NBwRunU7yScSX6HRE5JUlrEMQ==",
        "dependencies": {
          "Microsoft.OpenApi": "2.4.1"
        }
      },
      "Swashbuckle.AspNetCore.SwaggerGen": {
        "type": "Transitive",
        "resolved": "10.1.7",
        "contentHash": "PuubO9BjvNn6U3D9kLpuWKY1JtziWw7SsGBq0age1E50uQjQ8Fzl8s0EwzrLfANqYJNgDnJi9l7N1QxcGVB2Zw==",
        "dependencies": {
          "Swashbuckle.AspNetCore.Swagger": "10.1.7"
        }
      },
      "Swashbuckle.AspNetCore.SwaggerUI": {
        "type": "Transitive",
        "resolved": "10.1.7",
        "contentHash": "iJo3ODyUb/M8Vm8AH1r9y9iAba0w95xsCn3zFVl96ISRHbTDWxi+l7oFVCZqUEdjd97B8VMDPnMliWAdomR8uw=="
      },
      "System.IO.Hashing": {
        "type": "Transitive",
        "resolved": "10.0.5",
        "contentHash": "8IBJWcCT9+e4Bmevm4T7+fQEiAh133KGiz4oiVTgJckd3Q76OFdR1falgn9lpz7+C4HJvogCDJeAa2QmvbeVtg=="
      },
      "PPWCode.Vernacular.Contracts.I": {
        "type": "CentralTransitive",
        "requested": "[1.*, )",
        "resolved": "1.5.0",
        "contentHash": "Hv7hjZ+RXEnVkAZEdwlAW5QbT0Hvh+pCusaiQT5bRD93Z58OuMHH6Q48TizzufF6+DRm9rJdnufIcOWWvKLKaw=="
      },
      "PPWCode.Vernacular.Exceptions.V": {
        "type": "CentralTransitive",
        "requested": "[1.*, )",
        "resolved": "1.1.0",
        "contentHash": "G/XH86vmbBIIuVRcoNLFRD0AHtEJ7aLw8w+Ia3BUHgZw2TGALDQ/eNOfrOrTFy5+4HPO2PLwRfrr69/Cp/zTRw=="
      }
    }
  }
}