{
  "version": 2,
  "dependencies": {
    "net10.0": {
      "Asp.Versioning.Mvc.ApiExplorer": {
        "type": "Direct",
        "requested": "[8.*, )",
        "resolved": "8.1.1",
        "contentHash": "u8PrP6CjmurgIh0EDfg8Gc/GdpDHgkbv8OLKdxQcWb5W4sp0i9BcdbQlLvRcATjNIJUyr7ZmqXjmdsFfqnuy0g==",
        "dependencies": {
          "Asp.Versioning.Mvc": "8.1.1"
        }
      },
      "Microsoft.SourceLink.GitHub": {
        "type": "Direct",
        "requested": "[10.*, )",
        "resolved": "10.0.300",
        "contentHash": "QzCtLkXVb3l4IxcpvJCbzUwMLihAmLN6vVLjQGSzYSF8d2dvXxqJAZk83RV3gYnp2egz8jRMgSR2woY3vOahTA==",
        "dependencies": {
          "Microsoft.Build.Tasks.Git": "10.0.300",
          "Microsoft.SourceLink.Common": "10.0.300",
          "System.IO.Hashing": "10.0.8"
        }
      },
      "PPWCode.AspNetCore.Server.I": {
        "type": "Direct",
        "requested": "[1.*, )",
        "resolved": "1.0.1",
        "contentHash": "0KNkIFo/vHYWBlj60vtWgb0SLxdbGqGEIgJQncWsP5y0Xl49/bXEYj04kKDLdlm+BpgqvEqIf8MjtPLFttUCrw==",
        "dependencies": {
          "Asp.Versioning.Mvc": "8.1.1",
          "PPWCode.Vernacular.Contracts.I": "1.5.0",
          "PPWCode.Vernacular.Exceptions.V": "1.1.0",
          "PPWCode.Vernacular.Persistence.V": "1.0.0"
        }
      },
      "PPWCode.Util.Authorization.I": {
        "type": "Direct",
        "requested": "[1.*, )",
        "resolved": "1.0.0",
        "contentHash": "JDc3Ul3/gmpLKfBgW6emQSPyeikgP3S+A0GzbOendxWOT7YNsdyzs5wAthzgkF88o2BG+R7EXBZcppg4qR9v+w=="
      },
      "PPWCode.Vernacular.Persistence.V": {
        "type": "Direct",
        "requested": "[1.*, )",
        "resolved": "1.1.0",
        "contentHash": "iXoTU962vqg7k4Xivj5yZKRBwes95XY2pEAQ1nAATv8i1+Krc9rXQsWvrLNCs5gD6Wf7racSjcr3ozoo3MHuWA==",
        "dependencies": {
          "PPWCode.Vernacular.Contracts.I": "1.5.0",
          "PPWCode.Vernacular.Exceptions.V": "1.1.0",
          "PPWCode.Vernacular.Semantics.V": "1.0.0"
        }
      },
      "PPWCode.Vernacular.RequestContext.I": {
        "type": "Direct",
        "requested": "[1.*, )",
        "resolved": "1.0.0",
        "contentHash": "KkhEf+OU4oYgRxORB1swnnDPG9kYoEEzkfTazgQod2vGeE/sH208c40bQ+Nwj219/RD51jpaOnYR9HZ4LmjuNA==",
        "dependencies": {
          "PPWCode.Util.Authorization.I": "1.0.0",
          "PPWCode.Util.Time.I": "1.0.0",
          "PPWCode.Vernacular.Contracts.I": "1.5.0"
        }
      },
      "StyleCop.Analyzers": {
        "type": "Direct",
        "requested": "[1.2.0-beta.556, )",
        "resolved": "1.2.0-beta.556",
        "contentHash": "llRPgmA1fhC0I0QyFLEcjvtM2239QzKr/tcnbsjArLMJxJlu0AA5G7Fft0OI30pHF3MW63Gf4aSSsjc5m82J1Q==",
        "dependencies": {
          "StyleCop.Analyzers.Unstable": "1.2.0.556"
        }
      },
      "Swashbuckle.AspNetCore": {
        "type": "Direct",
        "requested": "[10.*, )",
        "resolved": "10.2.1",
        "contentHash": "SDU6akgCV/H4jFMRfyJ0mgO5jWOuuAqekvEThXg8c/LjnfNz5Nkaz+RUpeTVJKWIRX4wDKC/6R3ogJ4AsRE32A==",
        "dependencies": {
          "Microsoft.Extensions.ApiDescription.Server": "10.0.0",
          "Swashbuckle.AspNetCore.Swagger": "10.2.1",
          "Swashbuckle.AspNetCore.SwaggerGen": "10.2.1",
          "Swashbuckle.AspNetCore.SwaggerUI": "10.2.1"
        }
      },
      "Swashbuckle.AspNetCore.Annotations": {
        "type": "Direct",
        "requested": "[10.*, )",
        "resolved": "10.2.1",
        "contentHash": "8kAobMGuvJz6ST6C31VfNdiCMoZ67qijaR6Id5DDLz5NbIAKvDACoq2QGNJv8sOFW8orAy5iCQmRp1Tf0Om7Tg==",
        "dependencies": {
          "Swashbuckle.AspNetCore.SwaggerGen": "10.2.1"
        }
      },
      "Asp.Versioning.Abstractions": {
        "type": "Transitive",
        "resolved": "8.1.0",
        "contentHash": "mpeNZyMdvrHztJwR1sXIUQ+3iioEU97YMBnFA9WLbsPOYhGwDJnqJMmEd8ny7kcmS9OjTHoEuX/bSXXY3brIFA=="
      },
      "Asp.Versioning.Http": {
        "type": "Transitive",
        "resolved": "8.1.1",
        "contentHash": "1D/Mzq1MSUSQe1eCY6GeEsu+tIlpzoWZxZkhlcw/uvtVoTrwO+BMl0fSj/XX8oZN1DutWTZqHDHgyDRq+IeSdQ==",
        "dependencies": {
          "Asp.Versioning.Abstractions": "8.1.0"
        }
      },
      "Asp.Versioning.Mvc": {
        "type": "Transitive",
        "resolved": "8.1.1",
        "contentHash": "mkJv6eAdlbHbqTdrUcfEYFoZuGL6HoR7O+Lfsvivixp7N5BNhfCFPPOwsBzdIiH1qzdJXyJf+C+DZ08j27PMPg==",
        "dependencies": {
          "Asp.Versioning.Http": "8.1.1"
        }
      },
      "Microsoft.Build.Tasks.Git": {
        "type": "Transitive",
        "resolved": "10.0.300",
        "contentHash": "P0kaQwVZx4xIUe2FtrLyBadYNXuAljttJUPvjBYRuHhPE8L77L42KakLDkaADRiUrGspoLcMwayjrbQhYTr0zA==",
        "dependencies": {
          "System.IO.Hashing": "10.0.8"
        }
      },
      "Microsoft.Extensions.ApiDescription.Server": {
        "type": "Transitive",
        "resolved": "10.0.0",
        "contentHash": "NCWCGiwRwje8773yzPQhvucYnnfeR+ZoB1VRIrIMp4uaeUNw7jvEPHij3HIbwCDuNCrNcphA00KSAR9yD9qmbg=="
      },
      "Microsoft.OpenApi": {
        "type": "Transitive",
        "resolved": "2.7.5",
        "contentHash": "0FA67RSnRM4tcBKqiqVu/HPdZ9+QOKbmeRjxRUGTCjPU4C0bmUhd97Dso7Yild5P7nOV6GxJ2xrK0Kv/O9xp0w=="
      },
      "Microsoft.SourceLink.Common": {
        "type": "Transitive",
        "resolved": "10.0.300",
        "contentHash": "0jlkXaUGjYlWTIVPve5MftjKHnT3SlAtq9BCLV4J9IjdPrxV/+4rMlBSjfr1khG8/GC6KGojjola8E1VvWF0qQ=="
      },
      "PPWCode.Util.Time.I": {
        "type": "Transitive",
        "resolved": "1.0.0",
        "contentHash": "KbF/TsKMSXUGHwCQigDcAAC+lMTp2bvcWufpYwYu2knF5IZMPeFN+j6q2C81H1E9WVMiV2TIxzwPZp0aUP/8ZQ==",
        "dependencies": {
          "PPWCode.Vernacular.Contracts.I": "1.5.0",
          "PPWCode.Vernacular.Exceptions.V": "1.1.0",
          "PPWCode.Vernacular.Semantics.V": "1.0.0"
        }
      },
      "PPWCode.Vernacular.Semantics.V": {
        "type": "Transitive",
        "resolved": "1.0.0",
        "contentHash": "B4jer3TyGME3xLFLY7BUN71OmvJiquPN4JH0ifQ7Gvh9CIrIL2orX/SHBtWNF7foUN1O22VpytcpmzWoT11Heg==",
        "dependencies": {
          "PPWCode.Vernacular.Contracts.I": "1.5.0",
          "PPWCode.Vernacular.Exceptions.V": "1.1.0"
        }
      },
      "StyleCop.Analyzers.Unstable": {
        "type": "Transitive",
        "resolved": "1.2.0.556",
        "contentHash": "zvn9Mqs/ox/83cpYPignI8hJEM2A93s2HkHs8HYMOAQW0PkampyoErAiIyKxgTLqbbad29HX/shv/6LGSjPJNQ=="
      },
      "Swashbuckle.AspNetCore.Swagger": {
        "type": "Transitive",
        "resolved": "10.2.1",
        "contentHash": "ej4inPhiWCq+0utG8yaKhIhE8M3k3R/qRaGhpgDZB+O/s+o62/zRMO1Cn2CtQccsrqPE9PYnzCp6hQGYGpJOyQ==",
        "dependencies": {
          "Microsoft.OpenApi": "2.7.5"
        }
      },
      "Swashbuckle.AspNetCore.SwaggerGen": {
        "type": "Transitive",
        "resolved": "10.2.1",
        "contentHash": "JYX6i/y0xEtQWH/hZyfcage1/ldwww83ueD/gBc34uSnMwyvRLUsOpYcxlliFFxFbZMrY6t+R9ENqolE7zTEOg==",
        "dependencies": {
          "Swashbuckle.AspNetCore.Swagger": "10.2.1"
        }
      },
      "Swashbuckle.AspNetCore.SwaggerUI": {
        "type": "Transitive",
        "resolved": "10.2.1",
        "contentHash": "vzB8ZAGqXus3fdareJ9GHctaRP9ZL+wW9x8U7s1Y+BWprInFvSg6rpD9VhANNpwXA8fUHqu5Agjl/+hHG1BCQA=="
      },
      "System.IO.Hashing": {
        "type": "Transitive",
        "resolved": "10.0.8",
        "contentHash": "+dJsbPJ3FyUbTZNplFj0RCKePFizmv6ewDV46JE9q/IVH4c3xTCftHfHelLsAKf0jryIPqgMb5GpS0x7TAY3mg=="
      },
      "PPWCode.Vernacular.Contracts.I": {
        "type": "CentralTransitive",
        "requested": "[1.*, )",
        "resolved": "1.5.0",
        "contentHash": "Hv7hjZ+RXEnVkAZEdwlAW5QbT0Hvh+pCusaiQT5bRD93Z58OuMHH6Q48TizzufF6+DRm9rJdnufIcOWWvKLKaw=="
      },
      "PPWCode.Vernacular.Exceptions.V": {
        "type": "CentralTransitive",
        "requested": "[1.*, )",
        "resolved": "1.1.0",
        "contentHash": "G/XH86vmbBIIuVRcoNLFRD0AHtEJ7aLw8w+Ia3BUHgZw2TGALDQ/eNOfrOrTFy5+4HPO2PLwRfrr69/Cp/zTRw=="
      }
    },
    "net8.0": {
      "Asp.Versioning.Mvc.ApiExplorer": {
        "type": "Direct",
        "requested": "[8.*, )",
        "resolved": "8.1.1",
        "contentHash": "u8PrP6CjmurgIh0EDfg8Gc/GdpDHgkbv8OLKdxQcWb5W4sp0i9BcdbQlLvRcATjNIJUyr7ZmqXjmdsFfqnuy0g==",
        "dependencies": {
          "Asp.Versioning.Mvc": "8.1.1"
        }
      },
      "Microsoft.SourceLink.GitHub": {
        "type": "Direct",
        "requested": "[10.*, )",
        "resolved": "10.0.300",
        "contentHash": "QzCtLkXVb3l4IxcpvJCbzUwMLihAmLN6vVLjQGSzYSF8d2dvXxqJAZk83RV3gYnp2egz8jRMgSR2woY3vOahTA==",
        "dependencies": {
          "Microsoft.Build.Tasks.Git": "10.0.300",
          "Microsoft.SourceLink.Common": "10.0.300",
          "System.IO.Hashing": "10.0.8"
        }
      },
      "PPWCode.AspNetCore.Server.I": {
        "type": "Direct",
        "requested": "[1.*, )",
        "resolved": "1.0.1",
        "contentHash": "0KNkIFo/vHYWBlj60vtWgb0SLxdbGqGEIgJQncWsP5y0Xl49/bXEYj04kKDLdlm+BpgqvEqIf8MjtPLFttUCrw==",
        "dependencies": {
          "Asp.Versioning.Mvc": "8.1.1",
          "PPWCode.Vernacular.Contracts.I": "1.5.0",
          "PPWCode.Vernacular.Exceptions.V": "1.1.0",
          "PPWCode.Vernacular.Persistence.V": "1.0.0"
        }
      },
      "PPWCode.Util.Authorization.I": {
        "type": "Direct",
        "requested": "[1.*, )",
        "resolved": "1.0.0",
        "contentHash": "JDc3Ul3/gmpLKfBgW6emQSPyeikgP3S+A0GzbOendxWOT7YNsdyzs5wAthzgkF88o2BG+R7EXBZcppg4qR9v+w=="
      },
      "PPWCode.Vernacular.Persistence.V": {
        "type": "Direct",
        "requested": "[1.*, )",
        "resolved": "1.1.0",
        "contentHash": "iXoTU962vqg7k4Xivj5yZKRBwes95XY2pEAQ1nAATv8i1+Krc9rXQsWvrLNCs5gD6Wf7racSjcr3ozoo3MHuWA==",
        "dependencies": {
          "PPWCode.Vernacular.Contracts.I": "1.5.0",
          "PPWCode.Vernacular.Exceptions.V": "1.1.0",
          "PPWCode.Vernacular.Semantics.V": "1.0.0"
        }
      },
      "PPWCode.Vernacular.RequestContext.I": {
        "type": "Direct",
        "requested": "[1.*, )",
        "resolved": "1.0.0",
        "contentHash": "KkhEf+OU4oYgRxORB1swnnDPG9kYoEEzkfTazgQod2vGeE/sH208c40bQ+Nwj219/RD51jpaOnYR9HZ4LmjuNA==",
        "dependencies": {
          "PPWCode.Util.Authorization.I": "1.0.0",
          "PPWCode.Util.Time.I": "1.0.0",
          "PPWCode.Vernacular.Contracts.I": "1.5.0"
        }
      },
      "StyleCop.Analyzers": {
        "type": "Direct",
        "requested": "[1.2.0-beta.556, )",
        "resolved": "1.2.0-beta.556",
        "contentHash": "llRPgmA1fhC0I0QyFLEcjvtM2239QzKr/tcnbsjArLMJxJlu0AA5G7Fft0OI30pHF3MW63Gf4aSSsjc5m82J1Q==",
        "dependencies": {
          "StyleCop.Analyzers.Unstable": "1.2.0.556"
        }
      },
      "Swashbuckle.AspNetCore": {
        "type": "Direct",
        "requested": "[10.*, )",
        "resolved": "10.2.1",
        "contentHash": "SDU6akgCV/H4jFMRfyJ0mgO5jWOuuAqekvEThXg8c/LjnfNz5Nkaz+RUpeTVJKWIRX4wDKC/6R3ogJ4AsRE32A==",
        "dependencies": {
          "Microsoft.Extensions.ApiDescription.Server": "8.0.0",
          "Swashbuckle.AspNetCore.Swagger": "10.2.1",
          "Swashbuckle.AspNetCore.SwaggerGen": "10.2.1",
          "Swashbuckle.AspNetCore.SwaggerUI": "10.2.1"
        }
      },
      "Swashbuckle.AspNetCore.Annotations": {
        "type": "Direct",
        "requested": "[10.*, )",
        "resolved": "10.2.1",
        "contentHash": "8kAobMGuvJz6ST6C31VfNdiCMoZ67qijaR6Id5DDLz5NbIAKvDACoq2QGNJv8sOFW8orAy5iCQmRp1Tf0Om7Tg==",
        "dependencies": {
          "Swashbuckle.AspNetCore.SwaggerGen": "10.2.1"
        }
      },
      "Asp.Versioning.Abstractions": {
        "type": "Transitive",
        "resolved": "8.1.0",
        "contentHash": "mpeNZyMdvrHztJwR1sXIUQ+3iioEU97YMBnFA9WLbsPOYhGwDJnqJMmEd8ny7kcmS9OjTHoEuX/bSXXY3brIFA=="
      },
      "Asp.Versioning.Http": {
        "type": "Transitive",
        "resolved": "8.1.1",
        "contentHash": "1D/Mzq1MSUSQe1eCY6GeEsu+tIlpzoWZxZkhlcw/uvtVoTrwO+BMl0fSj/XX8oZN1DutWTZqHDHgyDRq+IeSdQ==",
        "dependencies": {
          "Asp.Versioning.Abstractions": "8.1.0"
        }
      },
      "Asp.Versioning.Mvc": {
        "type": "Transitive",
        "resolved": "8.1.1",
        "contentHash": "mkJv6eAdlbHbqTdrUcfEYFoZuGL6HoR7O+Lfsvivixp7N5BNhfCFPPOwsBzdIiH1qzdJXyJf+C+DZ08j27PMPg==",
        "dependencies": {
          "Asp.Versioning.Http": "8.1.1"
        }
      },
      "Microsoft.Build.Tasks.Git": {
        "type": "Transitive",
        "resolved": "10.0.300",
        "contentHash": "P0kaQwVZx4xIUe2FtrLyBadYNXuAljttJUPvjBYRuHhPE8L77L42KakLDkaADRiUrGspoLcMwayjrbQhYTr0zA==",
        "dependencies": {
          "System.IO.Hashing": "10.0.8"
        }
      },
      "Microsoft.Extensions.ApiDescription.Server": {
        "type": "Transitive",
        "resolved": "8.0.0",
        "contentHash": "jDM3a95WerM8g6IcMiBXq1qRS9dqmEUpgnCk2DeMWpPkYtp1ia+CkXabOnK93JmhVlUmv8l9WMPsCSUm+WqkIA=="
      },
      "Microsoft.OpenApi": {
        "type": "Transitive",
        "resolved": "2.7.5",
        "contentHash": "0FA67RSnRM4tcBKqiqVu/HPdZ9+QOKbmeRjxRUGTCjPU4C0bmUhd97Dso7Yild5P7nOV6GxJ2xrK0Kv/O9xp0w=="
      },
      "Microsoft.SourceLink.Common": {
        "type": "Transitive",
        "resolved": "10.0.300",
        "contentHash": "0jlkXaUGjYlWTIVPve5MftjKHnT3SlAtq9BCLV4J9IjdPrxV/+4rMlBSjfr1khG8/GC6KGojjola8E1VvWF0qQ=="
      },
      "PPWCode.Util.Time.I": {
        "type": "Transitive",
        "resolved": "1.0.0",
        "contentHash": "KbF/TsKMSXUGHwCQigDcAAC+lMTp2bvcWufpYwYu2knF5IZMPeFN+j6q2C81H1E9WVMiV2TIxzwPZp0aUP/8ZQ==",
        "dependencies": {
          "PPWCode.Vernacular.Contracts.I": "1.5.0",
          "PPWCode.Vernacular.Exceptions.V": "1.1.0",
          "PPWCode.Vernacular.Semantics.V": "1.0.0"
        }
      },
      "PPWCode.Vernacular.Semantics.V": {
        "type": "Transitive",
        "resolved": "1.0.0",
        "contentHash": "B4jer3TyGME3xLFLY7BUN71OmvJiquPN4JH0ifQ7Gvh9CIrIL2orX/SHBtWNF7foUN1O22VpytcpmzWoT11Heg==",
        "dependencies": {
          "PPWCode.Vernacular.Contracts.I": "1.5.0",
          "PPWCode.Vernacular.Exceptions.V": "1.1.0"
        }
      },
      "StyleCop.Analyzers.Unstable": {
        "type": "Transitive",
        "resolved": "1.2.0.556",
        "contentHash": "zvn9Mqs/ox/83cpYPignI8hJEM2A93s2HkHs8HYMOAQW0PkampyoErAiIyKxgTLqbbad29HX/shv/6LGSjPJNQ=="
      },
      "Swashbuckle.AspNetCore.Swagger": {
        "type": "Transitive",
        "resolved": "10.2.1",
        "contentHash": "ej4inPhiWCq+0utG8yaKhIhE8M3k3R/qRaGhpgDZB+O/s+o62/zRMO1Cn2CtQccsrqPE9PYnzCp6hQGYGpJOyQ==",
        "dependencies": {
          "Microsoft.OpenApi": "2.7.5"
        }
      },
      "Swashbuckle.AspNetCore.SwaggerGen": {
        "type": "Transitive",
        "resolved": "10.2.1",
        "contentHash": "JYX6i/y0xEtQWH/hZyfcage1/ldwww83ueD/gBc34uSnMwyvRLUsOpYcxlliFFxFbZMrY6t+R9ENqolE7zTEOg==",
        "dependencies": {
          "Swashbuckle.AspNetCore.Swagger": "10.2.1"
        }
      },
      "Swashbuckle.AspNetCore.SwaggerUI": {
        "type": "Transitive",
        "resolved": "10.2.1",
        "contentHash": "vzB8ZAGqXus3fdareJ9GHctaRP9ZL+wW9x8U7s1Y+BWprInFvSg6rpD9VhANNpwXA8fUHqu5Agjl/+hHG1BCQA=="
      },
      "System.IO.Hashing": {
        "type": "Transitive",
        "resolved": "10.0.8",
        "contentHash": "+dJsbPJ3FyUbTZNplFj0RCKePFizmv6ewDV46JE9q/IVH4c3xTCftHfHelLsAKf0jryIPqgMb5GpS0x7TAY3mg=="
      },
      "PPWCode.Vernacular.Contracts.I": {
        "type": "CentralTransitive",
        "requested": "[1.*, )",
        "resolved": "1.5.0",
        "contentHash": "Hv7hjZ+RXEnVkAZEdwlAW5QbT0Hvh+pCusaiQT5bRD93Z58OuMHH6Q48TizzufF6+DRm9rJdnufIcOWWvKLKaw=="
      },
      "PPWCode.Vernacular.Exceptions.V": {
        "type": "CentralTransitive",
        "requested": "[1.*, )",
        "resolved": "1.1.0",
        "contentHash": "G/XH86vmbBIIuVRcoNLFRD0AHtEJ7aLw8w+Ia3BUHgZw2TGALDQ/eNOfrOrTFy5+4HPO2PLwRfrr69/Cp/zTRw=="
      }
    },
    "net9.0": {
      "Asp.Versioning.Mvc.ApiExplorer": {
        "type": "Direct",
        "requested": "[8.*, )",
        "resolved": "8.1.1",
        "contentHash": "u8PrP6CjmurgIh0EDfg8Gc/GdpDHgkbv8OLKdxQcWb5W4sp0i9BcdbQlLvRcATjNIJUyr7ZmqXjmdsFfqnuy0g==",
        "dependencies": {
          "Asp.Versioning.Mvc": "8.1.1"
        }
      },
      "Microsoft.SourceLink.GitHub": {
        "type": "Direct",
        "requested": "[10.*, )",
        "resolved": "10.0.300",
        "contentHash": "QzCtLkXVb3l4IxcpvJCbzUwMLihAmLN6vVLjQGSzYSF8d2dvXxqJAZk83RV3gYnp2egz8jRMgSR2woY3vOahTA==",
        "dependencies": {
          "Microsoft.Build.Tasks.Git": "10.0.300",
          "Microsoft.SourceLink.Common": "10.0.300",
          "System.IO.Hashing": "10.0.8"
        }
      },
      "PPWCode.AspNetCore.Server.I": {
        "type": "Direct",
        "requested": "[1.*, )",
        "resolved": "1.0.1",
        "contentHash": "0KNkIFo/vHYWBlj60vtWgb0SLxdbGqGEIgJQncWsP5y0Xl49/bXEYj04kKDLdlm+BpgqvEqIf8MjtPLFttUCrw==",
        "dependencies": {
          "Asp.Versioning.Mvc": "8.1.1",
          "PPWCode.Vernacular.Contracts.I": "1.5.0",
          "PPWCode.Vernacular.Exceptions.V": "1.1.0",
          "PPWCode.Vernacular.Persistence.V": "1.0.0"
        }
      },
      "PPWCode.Util.Authorization.I": {
        "type": "Direct",
        "requested": "[1.*, )",
        "resolved": "1.0.0",
        "contentHash": "JDc3Ul3/gmpLKfBgW6emQSPyeikgP3S+A0GzbOendxWOT7YNsdyzs5wAthzgkF88o2BG+R7EXBZcppg4qR9v+w=="
      },
      "PPWCode.Vernacular.Persistence.V": {
        "type": "Direct",
        "requested": "[1.*, )",
        "resolved": "1.1.0",
        "contentHash": "iXoTU962vqg7k4Xivj5yZKRBwes95XY2pEAQ1nAATv8i1+Krc9rXQsWvrLNCs5gD6Wf7racSjcr3ozoo3MHuWA==",
        "dependencies": {
          "PPWCode.Vernacular.Contracts.I": "1.5.0",
          "PPWCode.Vernacular.Exceptions.V": "1.1.0",
          "PPWCode.Vernacular.Semantics.V": "1.0.0"
        }
      },
      "PPWCode.Vernacular.RequestContext.I": {
        "type": "Direct",
        "requested": "[1.*, )",
        "resolved": "1.0.0",
        "contentHash": "KkhEf+OU4oYgRxORB1swnnDPG9kYoEEzkfTazgQod2vGeE/sH208c40bQ+Nwj219/RD51jpaOnYR9HZ4LmjuNA==",
        "dependencies": {
          "PPWCode.Util.Authorization.I": "1.0.0",
          "PPWCode.Util.Time.I": "1.0.0",
          "PPWCode.Vernacular.Contracts.I": "1.5.0"
        }
      },
      "StyleCop.Analyzers": {
        "type": "Direct",
        "requested": "[1.2.0-beta.556, )",
        "resolved": "1.2.0-beta.556",
        "contentHash": "llRPgmA1fhC0I0QyFLEcjvtM2239QzKr/tcnbsjArLMJxJlu0AA5G7Fft0OI30pHF3MW63Gf4aSSsjc5m82J1Q==",
        "dependencies": {
          "StyleCop.Analyzers.Unstable": "1.2.0.556"
        }
      },
      "Swashbuckle.AspNetCore": {
        "type": "Direct",
        "requested": "[10.*, )",
        "resolved": "10.2.1",
        "contentHash": "SDU6akgCV/H4jFMRfyJ0mgO5jWOuuAqekvEThXg8c/LjnfNz5Nkaz+RUpeTVJKWIRX4wDKC/6R3ogJ4AsRE32A==",
        "dependencies": {
          "Microsoft.Extensions.ApiDescription.Server": "9.0.0",
          "Swashbuckle.AspNetCore.Swagger": "10.2.1",
          "Swashbuckle.AspNetCore.SwaggerGen": "10.2.1",
          "Swashbuckle.AspNetCore.SwaggerUI": "10.2.1"
        }
      },
      "Swashbuckle.AspNetCore.Annotations": {
        "type": "Direct",
        "requested": "[10.*, )",
        "resolved": "10.2.1",
        "contentHash": "8kAobMGuvJz6ST6C31VfNdiCMoZ67qijaR6Id5DDLz5NbIAKvDACoq2QGNJv8sOFW8orAy5iCQmRp1Tf0Om7Tg==",
        "dependencies": {
          "Swashbuckle.AspNetCore.SwaggerGen": "10.2.1"
        }
      },
      "Asp.Versioning.Abstractions": {
        "type": "Transitive",
        "resolved": "8.1.0",
        "contentHash": "mpeNZyMdvrHztJwR1sXIUQ+3iioEU97YMBnFA9WLbsPOYhGwDJnqJMmEd8ny7kcmS9OjTHoEuX/bSXXY3brIFA=="
      },
      "Asp.Versioning.Http": {
        "type": "Transitive",
        "resolved": "8.1.1",
        "contentHash": "1D/Mzq1MSUSQe1eCY6GeEsu+tIlpzoWZxZkhlcw/uvtVoTrwO+BMl0fSj/XX8oZN1DutWTZqHDHgyDRq+IeSdQ==",
        "dependencies": {
          "Asp.Versioning.Abstractions": "8.1.0"
        }
      },
      "Asp.Versioning.Mvc": {
        "type": "Transitive",
        "resolved": "8.1.1",
        "contentHash": "mkJv6eAdlbHbqTdrUcfEYFoZuGL6HoR7O+Lfsvivixp7N5BNhfCFPPOwsBzdIiH1qzdJXyJf+C+DZ08j27PMPg==",
        "dependencies": {
          "Asp.Versioning.Http": "8.1.1"
        }
      },
      "Microsoft.Build.Tasks.Git": {
        "type": "Transitive",
        "resolved": "10.0.300",
        "contentHash": "P0kaQwVZx4xIUe2FtrLyBadYNXuAljttJUPvjBYRuHhPE8L77L42KakLDkaADRiUrGspoLcMwayjrbQhYTr0zA==",
        "dependencies": {
          "System.IO.Hashing": "10.0.8"
        }
      },
      "Microsoft.Extensions.ApiDescription.Server": {
        "type": "Transitive",
        "resolved": "9.0.0",
        "contentHash": "1Kzzf7pRey40VaUkHN9/uWxrKVkLu2AQjt+GVeeKLLpiEHAJ1xZRsLSh4ZZYEnyS7Kt2OBOPmsXNdU+wbcOl5w=="
      },
      "Microsoft.OpenApi": {
        "type": "Transitive",
        "resolved": "2.7.5",
        "contentHash": "0FA67RSnRM4tcBKqiqVu/HPdZ9+QOKbmeRjxRUGTCjPU4C0bmUhd97Dso7Yild5P7nOV6GxJ2xrK0Kv/O9xp0w=="
      },
      "Microsoft.SourceLink.Common": {
        "type": "Transitive",
        "resolved": "10.0.300",
        "contentHash": "0jlkXaUGjYlWTIVPve5MftjKHnT3SlAtq9BCLV4J9IjdPrxV/+4rMlBSjfr1khG8/GC6KGojjola8E1VvWF0qQ=="
      },
      "PPWCode.Util.Time.I": {
        "type": "Transitive",
        "resolved": "1.0.0",
        "contentHash": "KbF/TsKMSXUGHwCQigDcAAC+lMTp2bvcWufpYwYu2knF5IZMPeFN+j6q2C81H1E9WVMiV2TIxzwPZp0aUP/8ZQ==",
        "dependencies": {
          "PPWCode.Vernacular.Contracts.I": "1.5.0",
          "PPWCode.Vernacular.Exceptions.V": "1.1.0",
          "PPWCode.Vernacular.Semantics.V": "1.0.0"
        }
      },
      "PPWCode.Vernacular.Semantics.V": {
        "type": "Transitive",
        "resolved": "1.0.0",
        "contentHash": "B4jer3TyGME3xLFLY7BUN71OmvJiquPN4JH0ifQ7Gvh9CIrIL2orX/SHBtWNF7foUN1O22VpytcpmzWoT11Heg==",
        "dependencies": {
          "PPWCode.Vernacular.Contracts.I": "1.5.0",
          "PPWCode.Vernacular.Exceptions.V": "1.1.0"
        }
      },
      "StyleCop.Analyzers.Unstable": {
        "type": "Transitive",
        "resolved": "1.2.0.556",
        "contentHash": "zvn9Mqs/ox/83cpYPignI8hJEM2A93s2HkHs8HYMOAQW0PkampyoErAiIyKxgTLqbbad29HX/shv/6LGSjPJNQ=="
      },
      "Swashbuckle.AspNetCore.Swagger": {
        "type": "Transitive",
        "resolved": "10.2.1",
        "contentHash": "ej4inPhiWCq+0utG8yaKhIhE8M3k3R/qRaGhpgDZB+O/s+o62/zRMO1Cn2CtQccsrqPE9PYnzCp6hQGYGpJOyQ==",
        "dependencies": {
          "Microsoft.OpenApi": "2.7.5"
        }
      },
      "Swashbuckle.AspNetCore.SwaggerGen": {
        "type": "Transitive",
        "resolved": "10.2.1",
        "contentHash": "JYX6i/y0xEtQWH/hZyfcage1/ldwww83ueD/gBc34uSnMwyvRLUsOpYcxlliFFxFbZMrY6t+R9ENqolE7zTEOg==",
        "dependencies": {
          "Swashbuckle.AspNetCore.Swagger": "10.2.1"
        }
      },
      "Swashbuckle.AspNetCore.SwaggerUI": {
        "type": "Transitive",
        "resolved": "10.2.1",
        "contentHash": "vzB8ZAGqXus3fdareJ9GHctaRP9ZL+wW9x8U7s1Y+BWprInFvSg6rpD9VhANNpwXA8fUHqu5Agjl/+hHG1BCQA=="
      },
      "System.IO.Hashing": {
        "type": "Transitive",
        "resolved": "10.0.8",
        "contentHash": "+dJsbPJ3FyUbTZNplFj0RCKePFizmv6ewDV46JE9q/IVH4c3xTCftHfHelLsAKf0jryIPqgMb5GpS0x7TAY3mg=="
      },
      "PPWCode.Vernacular.Contracts.I": {
        "type": "CentralTransitive",
        "requested": "[1.*, )",
        "resolved": "1.5.0",
        "contentHash": "Hv7hjZ+RXEnVkAZEdwlAW5QbT0Hvh+pCusaiQT5bRD93Z58OuMHH6Q48TizzufF6+DRm9rJdnufIcOWWvKLKaw=="
      },
      "PPWCode.Vernacular.Exceptions.V": {
        "type": "CentralTransitive",
        "requested": "[1.*, )",
        "resolved": "1.1.0",
        "contentHash": "G/XH86vmbBIIuVRcoNLFRD0AHtEJ7aLw8w+Ia3BUHgZw2TGALDQ/eNOfrOrTFy5+4HPO2PLwRfrr69/Cp/zTRw=="
      }
    }
  }
}